// !$*UTF8*$!
{
	archiveVersion = 1;
	classes = {
	};
	objectVersion = 56;
	objects = {

/* Begin PBXBuildFile section */
		640F8FAF2B4A8B7C0035A449 /* BeantownsButtonView.swift in Sources */ = {isa = PBXBuildFile; fileRef = 640F8FAE2B4A8B7C0035A449 /* BeantownsButtonView.swift */; };
		641A48DA2B4AED140059B98C /* ItemInfoView.swift in Sources */ = {isa = PBXBuildFile; fileRef = 641A48D92B4AED140059B98C /* ItemInfoView.swift */; };
		641A48FB2B4BBB190059B98C /* info.plist in Resources */ = {isa = PBXBuildFile; fileRef = 641A48FA2B4BBB190059B98C /* info.plist */; };
		64CA894E2B4A834D0018C1B2 /* MapKitStudyApp.swift in Sources */ = {isa = PBXBuildFile; fileRef = 64CA894D2B4A834D0018C1B2 /* MapKitStudyApp.swift */; };
		64CA89502B4A834D0018C1B2 /* ContentView.swift in Sources */ = {isa = PBXBuildFile; fileRef = 64CA894F2B4A834D0018C1B2 /* ContentView.swift */; };
		64CA89522B4A83510018C1B2 /* Assets.xcassets in Resources */ = {isa = PBXBuildFile; fileRef = 64CA89512B4A83510018C1B2 /* Assets.xcassets */; };
		64CA89562B4A83510018C1B2 /* Preview Assets.xcassets in Resources */ = {isa = PBXBuildFile; fileRef = 64CA89552B4A83510018C1B2 /* Preview Assets.xcassets */; };
/* End PBXBuildFile section */

/* Begin PBXFileReference section */
		640F8FAE2B4A8B7C0035A449 /* BeantownsButtonView.swift */ = {isa = PBXFileReference; lastKnownFileType = sourcecode.swift; path = BeantownsButtonView.swift; sourceTree = "<group>"; };
		641A48D92B4AED140059B98C /* ItemInfoView.swift */ = {isa = PBXFileReference; lastKnownFileType = sourcecode.swift; path = ItemInfoView.swift; sourceTree = "<group>"; };
		641A48FA2B4BBB190059B98C /* info.plist */ = {isa = PBXFileReference; lastKnownFileType = text.plist.xml; name = info.plist; path = MapKitStudy/info.plist; sourceTree = SOURCE_ROOT; };
		64CA894A2B4A834D0018C1B2 /* MapKitStudy.app */ = {isa = PBXFileReference; explicitFileType = wrapper.application; includeInIndex = 0; path = MapKitStudy.app; sourceTree = BUILT_PRODUCTS_DIR; };
		64CA894D2B4A834D0018C1B2 /* MapKitStudyApp.swift */ = {isa = PBXFileReference; lastKnownFileType = sourcecode.swift; path = MapKitStudyApp.swift; sourceTree = "<group>"; };
		64CA894F2B4A834D0018C1B2 /* ContentView.swift */ = {isa = PBXFileReference; lastKnownFileType = sourcecode.swift; path = ContentView.swift; sourceTree = "<group>"; };
		64CA89512B4A83510018C1B2 /* Assets.xcassets */ = {isa = PBXFileReference; lastKnownFileType = folder.assetcatalog; path = Assets.xcassets; sourceTree = "<group>"; };
		64CA89532B4A83510018C1B2 /* MapKitStudy.entitlements */ = {isa = PBXFileReference; lastKnownFileType = text.plist.entitlements; path = MapKitStudy.entitlements; sourceTree = "<group>"; };
		64CA89552B4A83510018C1B2 /* Preview Assets.xcassets */ = {isa = PBXFileReference; lastKnownFileType = folder.assetcatalog; path = "Preview Assets.xcassets"; sourceTree = "<group>"; };
/* End PBXFileReference section */

/* Begin PBXFrameworksBuildPhase section */
		64CA89472B4A834D0018C1B2 /* Frameworks */ = {
			isa = PBXFrameworksBuildPhase;
			buildActionMask = 2147483647;
			files = (
			);
			runOnlyForDeploymentPostprocessing = 0;
		};
/* End PBXFrameworksBuildPhase section */

/* Begin PBXGroup section */
		64CA89412B4A834D0018C1B2 = {
			isa = PBXGroup;
			children = (
				64CA894C2B4A834D0018C1B2 /* MapKitStudy */,
				64CA894B2B4A834D0018C1B2 /* Products */,
			);
			sourceTree = "<group>";
		};
		64CA894B2B4A834D0018C1B2 /* Products */ = {
			isa = PBXGroup;
			children = (
				64CA894A2B4A834D0018C1B2 /* MapKitStudy.app */,
			);
			name = Products;
			sourceTree = "<group>";
		};
		64CA894C2B4A834D0018C1B2 /* MapKitStudy */ = {
			isa = PBXGroup;
			children = (
				641A48FA2B4BBB190059B98C /* info.plist */,
				64CA894D2B4A834D0018C1B2 /* MapKitStudyApp.swift */,
				64CA894F2B4A834D0018C1B2 /* ContentView.swift */,
				640F8FAE2B4A8B7C0035A449 /* BeantownsButtonView.swift */,
				641A48D92B4AED140059B98C /* ItemInfoView.swift */,
				64CA89512B4A83510018C1B2 /* Assets.xcassets */,
				64CA89532B4A83510018C1B2 /* MapKitStudy.entitlements */,
				64CA89542B4A83510018C1B2 /* Preview Content */,
			);
			path = MapKitStudy;
			sourceTree = "<group>";
		};
		64CA89542B4A83510018C1B2 /* Preview Content */ = {
			isa = PBXGroup;
			children = (
				64CA89552B4A83510018C1B2 /* Preview Assets.xcassets */,
			);
			path = "Preview Content";
			sourceTree = "<group>";
		};
/* End PBXGroup section */

/* Begin PBXNativeTarget section */
		64CA89492B4A834D0018C1B2 /* MapKitStudy */ = {
			isa = PBXNativeTarget;
			buildConfigurationList = 64CA89592B4A83510018C1B2 /* Build configuration list for PBXNativeTarget "MapKitStudy" */;
			buildPhases = (
				64CA89462B4A834D0018C1B2 /* Sources */,
				64CA89472B4A834D0018C1B2 /* Frameworks */,
				64CA89482B4A834D0018C1B2 /* Resources */,
			);
			buildRules = (
			);
			dependencies = (
			);
			name = MapKitStudy;
			productName = MapKitStudy;
			productReference = 64CA894A2B4A834D0018C1B2 /* MapKitStudy.app */;
			productType = "com.apple.product-type.application";
		};
/* End PBXNativeTarget section */

/* Begin PBXProject section */
		64CA89422B4A834D0018C1B2 /* Project object */ = {
			isa = PBXProject;
			attributes = {
				BuildIndependentTargetsInParallel = 1;
				LastSwiftUpdateCheck = 1510;
				LastUpgradeCheck = 1510;
				TargetAttributes = {
					64CA89492B4A834D0018C1B2 = {
						CreatedOnToolsVersion = 15.1;
					};
				};
			};
			buildConfigurationList = 64CA89452B4A834D0018C1B2 /* Build configuration list for PBXProject "MapKitStudy" */;
			compatibilityVersion = "Xcode 14.0";
			developmentRegion = ko;
			hasScannedForEncodings = 0;
			knownRegions = (
				en,
				Base,
				ko,
			);
			mainGroup = 64CA89412B4A834D0018C1B2;
			productRefGroup = 64CA894B2B4A834D0018C1B2 /* Products */;
			projectDirPath = "";
			projectRoot = "";
			targets = (
				64CA89492B4A834D0018C1B2 /* MapKitStudy */,
			);
		};
/* End PBXProject section */

/* Begin PBXResourcesBuildPhase section */
		64CA89482B4A834D0018C1B2 /* Resources */ = {
			isa = PBXResourcesBuildPhase;
			buildActionMask = 2147483647;
			files = (
				64CA89562B4A83510018C1B2 /* Preview Assets.xcassets in Resources */,
				64CA89522B4A83510018C1B2 /* Assets.xcassets in Resources */,
				641A48FB2B4BBB190059B98C /* info.plist in Resources */,
			);
			runOnlyForDeploymentPostprocessing = 0;
		};
/* End PBXResourcesBuildPhase section */

/* Begin PBXSourcesBuildPhase section */
		64CA89462B4A834D0018C1B2 /* Sources */ = {
			isa = PBXSourcesBuildPhase;
			buildActionMask = 2147483647;
			files = (
				64CA89502B4A834D0018C1B2 /* ContentView.swift in Sources */,
				640F8FAF2B4A8B7C0035A449 /* BeantownsButtonView.swift in Sources */,
				64CA894E2B4A834D0018C1B2 /* MapKitStudyApp.swift in Sources */,
				641A48DA2B4AED140059B98C /* ItemInfoView.swift in Sources */,
			);
			runOnlyForDeploymentPostprocessing = 0;
		};
/* End PBXSourcesBuildPhase section */

/* Begin XCBuildConfiguration section */
		64CA89572B4A83510018C1B2 /* Debug */ = {
			isa = XCBuildConfiguration;
			buildSettings = {
				ALWAYS_SEARCH_USER_PATHS = NO;
				ASSETCATALOG_COMPILER_GENERATE_SWIFT_ASSET_SYMBOL_EXTENSIONS = YES;
				CLANG_ANALYZER_NONNULL = YES;
				CLANG_ANALYZER_NUMBER_OBJECT_CONVERSION = YES_AGGRESSIVE;
				CLANG_CXX_LANGUAGE_STANDARD = "gnu++20";
				CLANG_ENABLE_MODULES = YES;
				CLANG_ENABLE_OBJC_ARC = YES;
				CLANG_ENABLE_OBJC_WEAK = YES;
				CLANG_WARN_BLOCK_CAPTURE_AUTORELEASING = YES;
				CLANG_WARN_BOOL_CONVERSION = YES;
				CLANG_WARN_COMMA = YES;
				CLANG_WARN_CONSTANT_CONVERSION = YES;
				CLANG_WARN_DEPRECATED_OBJC_IMPLEMENTATIONS = YES;
				CLANG_WARN_DIRECT_OBJC_ISA_USAGE = YES_ERROR;
				CLANG_WARN_DOCUMENTATION_COMMENTS = YES;
				CLANG_WARN_EMPTY_BODY = YES;
				CLANG_WARN_ENUM_CONVERSION = YES;
				CLANG_WARN_INFINITE_RECURSION = YES;
				CLANG_WARN_INT_CONVERSION = YES;
				CLANG_WARN_NON_LITERAL_NULL_CONVERSION = YES;
				CLANG_WARN_OBJC_IMPLICIT_RETAIN_SELF = YES;
				CLANG_WARN_OBJC_LITERAL_CONVERSION = YES;
				CLANG_WARN_OBJC_ROOT_CLASS = YES_ERROR;
				CLANG_WARN_QUOTED_INCLUDE_IN_FRAMEWORK_HEADER = YES;
				CLANG_WARN_RANGE_LOOP_ANALYSIS = YES;
				CLANG_WARN_STRICT_PROTOTYPES = YES;
				CLANG_WARN_SUSPICIOUS_MOVE = YES;
				CLANG_WARN_UNGUARDED_AVAILABILITY = YES_AGGRESSIVE;
				CLANG_WARN_UNREACHABLE_CODE = YES;
				CLANG_WARN__DUPLICATE_METHOD_MATCH = YES;
				COPY_PHASE_STRIP = NO;
				DEBUG_INFORMATION_FORMAT = dwarf;
				ENABLE_STRICT_OBJC_MSGSEND = YES;
				ENABLE_TESTABILITY = YES;
				ENABLE_USER_SCRIPT_SANDBOXING = YES;
				GCC_C_LANGUAGE_STANDARD = gnu17;
				GCC_DYNAMIC_NO_PIC = NO;
				GCC_NO_COMMON_BLOCKS = YES;
				GCC_OPTIMIZATION_LEVEL = 0;
				GCC_PREPROCESSOR_DEFINITIONS = (
					"DEBUG=1",
					"$(inherited)",
				);
				GCC_WARN_64_TO_32_BIT_CONVERSION = YES;
				GCC_WARN_ABOUT_RETURN_TYPE = YES_ERROR;
				GCC_WARN_UNDECLARED_SELECTOR = YES;
				GCC_WARN_UNINITIALIZED_AUTOS = YES_AGGRESSIVE;
				GCC_WARN_UNUSED_FUNCTION = YES;
				GCC_WARN_UNUSED_VARIABLE = YES;
				LOCALIZATION_PREFERS_STRING_CATALOGS = YES;
				MTL_ENABLE_DEBUG_INFO = INCLUDE_SOURCE;
				MTL_FAST_MATH = YES;
				ONLY_ACTIVE_ARCH = YES;
				SWIFT_ACTIVE_COMPILATION_CONDITIONS = "DEBUG $(inherited)";
				SWIFT_OPTIMIZATION_LEVEL = "-Onone";
			};
			name = Debug;
		};
		64CA89582B4A83510018C1B2 /* Release */ = {
			isa = XCBuildConfiguration;
			buildSettings = {
				ALWAYS_SEARCH_USER_PATHS = NO;
				ASSETCATALOG_COMPILER_GENERATE_SWIFT_ASSET_SYMBOL_EXTENSIONS = YES;
				CLANG_ANALYZER_NONNULL = YES;
				CLANG_ANALYZER_NUMBER_OBJECT_CONVERSION = YES_AGGRESSIVE;
				CLANG_CXX_LANGUAGE_STANDARD = "gnu++20";
				CLANG_ENABLE_MODULES = YES;
				CLANG_ENABLE_OBJC_ARC = YES;
				CLANG_ENABLE_OBJC_WEAK = YES;
				CLANG_WARN_BLOCK_CAPTURE_AUTORELEASING = YES;
				CLANG_WARN_BOOL_CONVERSION = YES;
				CLANG_WARN_COMMA = YES;
				CLANG_WARN_CONSTANT_CONVERSION = YES;
				CLANG_WARN_DEPRECATED_OBJC_IMPLEMENTATIONS = YES;
				CLANG_WARN_DIRECT_OBJC_ISA_USAGE = YES_ERROR;
				CLANG_WARN_DOCUMENTATION_COMMENTS = YES;
				CLANG_WARN_EMPTY_BODY = YES;
				CLANG_WARN_ENUM_CONVERSION = YES;
				CLANG_WARN_INFINITE_RECURSION = YES;
				CLANG_WARN_INT_CONVERSION = YES;
				CLANG_WARN_NON_LITERAL_NULL_CONVERSION = YES;
				CLANG_WARN_OBJC_IMPLICIT_RETAIN_SELF = YES;
				CLANG_WARN_OBJC_LITERAL_CONVERSION = YES;
				CLANG_WARN_OBJC_ROOT_CLASS = YES_ERROR;
				CLANG_WARN_QUOTED_INCLUDE_IN_FRAMEWORK_HEADER = YES;
				CLANG_WARN_RANGE_LOOP_ANALYSIS = YES;
				CLANG_WARN_STRICT_PROTOTYPES = YES;
				CLANG_WARN_SUSPICIOUS_MOVE = YES;
				CLANG_WARN_UNGUARDED_AVAILABILITY = YES_AGGRESSIVE;
				CLANG_WARN_UNREACHABLE_CODE = YES;
				CLANG_WARN__DUPLICATE_METHOD_MATCH = YES;
				COPY_PHASE_STRIP = NO;
				DEBUG_INFORMATION_FORMAT = "dwarf-with-dsym";
				ENABLE_NS_ASSERTIONS = NO;
				ENABLE_STRICT_OBJC_MSGSEND = YES;
				ENABLE_USER_SCRIPT_SANDBOXING = YES;
				GCC_C_LANGUAGE_STANDARD = gnu17;
				GCC_NO_COMMON_BLOCKS = YES;
				GCC_WARN_64_TO_32_BIT_CONVERSION = YES;
				GCC_WARN_ABOUT_RETURN_TYPE = YES_ERROR;
				GCC_WARN_UNDECLARED_SELECTOR = YES;
				GCC_WARN_UNINITIALIZED_AUTOS = YES_AGGRESSIVE;
				GCC_WARN_UNUSED_FUNCTION = YES;
				GCC_WARN_UNUSED_VARIABLE = YES;
				LOCALIZATION_PREFERS_STRING_CATALOGS = YES;
				MTL_ENABLE_DEBUG_INFO = NO;
				MTL_FAST_MATH = YES;
				SWIFT_COMPILATION_MODE = wholemodule;
			};
			name = Release;
		};
		64CA895A2B4A83510018C1B2 /* Debug */ = {
			isa = XCBuildConfiguration;
			buildSettings = {
				ASSETCATALOG_COMPILER_APPICON_NAME = AppIcon;
				ASSETCATALOG_COMPILER_GLOBAL_ACCENT_COLOR_NAME = AccentColor;
				CODE_SIGN_ENTITLEMENTS = MapKitStudy/MapKitStudy.entitlements;
				CODE_SIGN_STYLE = Automatic;
				CURRENT_PROJECT_VERSION = 1;
				DEVELOPMENT_ASSET_PATHS = "\"MapKitStudy/Preview Content\"";
				DEVELOPMENT_TEAM = 5KA6J79S24;
				ENABLE_HARDENED_RUNTIME = YES;
				ENABLE_PREVIEWS = YES;
				GENERATE_INFOPLIST_FILE = YES;
				INFOPLIST_KEY_NSLocationWhenInUseUsageDescription = "Your location will be shown for sample purposes";
				"INFOPLIST_KEY_UIApplicationSceneManifest_Generation[sdk=iphoneos*]" = YES;
				"INFOPLIST_KEY_UIApplicationSceneManifest_Generation[sdk=iphonesimulator*]" = YES;
				"INFOPLIST_KEY_UIApplicationSupportsIndirectInputEvents[sdk=iphoneos*]" = YES;
				"INFOPLIST_KEY_UIApplicationSupportsIndirectInputEvents[sdk=iphonesimulator*]" = YES;
				"INFOPLIST_KEY_UILaunchScreen_Generation[sdk=iphoneos*]" = YES;
				"INFOPLIST_KEY_UILaunchScreen_Generation[sdk=iphonesimulator*]" = YES;
				"INFOPLIST_KEY_UIStatusBarStyle[sdk=iphoneos*]" = UIStatusBarStyleDefault;
				"INFOPLIST_KEY_UIStatusBarStyle[sdk=iphonesimulator*]" = UIStatusBarStyleDefault;
				INFOPLIST_KEY_UISupportedInterfaceOrientations_iPad = "UIInterfaceOrientationPortrait UIInterfaceOrientationPortraitUpsideDown UIInterfaceOrientationLandscapeLeft UIInterfaceOrientationLandscapeRight";
				INFOPLIST_KEY_UISupportedInterfaceOrientations_iPhone = "UIInterfaceOrientationPortrait UIInterfaceOrientationLandscapeLeft UIInterfaceOrientationLandscapeRight";
				IPHONEOS_DEPLOYMENT_TARGET = 17.2;
				LD_RUNPATH_SEARCH_PATHS = "@executable_path/Frameworks";
				"LD_RUNPATH_SEARCH_PATHS[sdk=macosx*]" = "@executable_path/../Frameworks";
				MACOSX_DEPLOYMENT_TARGET = 14.2;
				MARKETING_VERSION = 1.0;
				PRODUCT_BUNDLE_IDENTIFIER = com.woogie.MapKitStudy;
				PRODUCT_NAME = "$(TARGET_NAME)";
				SDKROOT = auto;
				SUPPORTED_PLATFORMS = "iphoneos iphonesimulator macosx";
				SWIFT_EMIT_LOC_STRINGS = YES;
				SWIFT_VERSION = 5.0;
				TARGETED_DEVICE_FAMILY = "1,2";
			};
			name = Debug;
		};
		64CA895B2B4A83510018C1B2 /* Release */ = {
			isa = XCBuildConfiguration;
			buildSettings = {
				ASSETCATALOG_COMPILER_APPICON_NAME = AppIcon;
				ASSETCATALOG_COMPILER_GLOBAL_ACCENT_COLOR_NAME = AccentColor;
				CODE_SIGN_ENTITLEMENTS = MapKitStudy/MapKitStudy.entitlements;
				CODE_SIGN_STYLE = Automatic;
				CURRENT_PROJECT_VERSION = 1;
				DEVELOPMENT_ASSET_PATHS = "\"MapKitStudy/Preview Content\"";
				DEVELOPMENT_TEAM = 5KA6J79S24;
				ENABLE_HARDENED_RUNTIME = YES;
				ENABLE_PREVIEWS = YES;
				GENERATE_INFOPLIST_FILE = YES;
				INFOPLIST_KEY_NSLocationWhenInUseUsageDescription = "Your location will be shown for sample purposes";
				"INFOPLIST_KEY_UIApplicationSceneManifest_Generation[sdk=iphoneos*]" = YES;
				"INFOPLIST_KEY_UIApplicationSceneManifest_Generation[sdk=iphonesimulator*]" = YES;
				"INFOPLIST_KEY_UIApplicationSupportsIndirectInputEvents[sdk=iphoneos*]" = YES;
				"INFOPLIST_KEY_UIApplicationSupportsIndirectInputEvents[sdk=iphonesimulator*]" = YES;
				"INFOPLIST_KEY_UILaunchScreen_Generation[sdk=iphoneos*]" = YES;
				"INFOPLIST_KEY_UILaunchScreen_Generation[sdk=iphonesimulator*]" = YES;
				"INFOPLIST_KEY_UIStatusBarStyle[sdk=iphoneos*]" = UIStatusBarStyleDefault;
				"INFOPLIST_KEY_UIStatusBarStyle[sdk=iphonesimulator*]" = UIStatusBarStyleDefault;
				INFOPLIST_KEY_UISupportedInterfaceOrientations_iPad = "UIInterfaceOrientationPortrait UIInterfaceOrientationPortraitUpsideDown UIInterfaceOrientationLandscapeLeft UIInterfaceOrientationLandscapeRight";
				INFOPLIST_KEY_UISupportedInterfaceOrientations_iPhone = "UIInterfaceOrientationPortrait UIInterfaceOrientationLandscapeLeft UIInterfaceOrientationLandscapeRight";
				IPHONEOS_DEPLOYMENT_TARGET = 17.2;
				LD_RUNPATH_SEARCH_PATHS = "@executable_path/Frameworks";
				"LD_RUNPATH_SEARCH_PATHS[sdk=macosx*]" = "@executable_path/../Frameworks";
				MACOSX_DEPLOYMENT_TARGET = 14.2;
				MARKETING_VERSION = 1.0;
				PRODUCT_BUNDLE_IDENTIFIER = com.woogie.MapKitStudy;
				PRODUCT_NAME = "$(TARGET_NAME)";
				SDKROOT = auto;
				SUPPORTED_PLATFORMS = "iphoneos iphonesimulator macosx";
				SWIFT_EMIT_LOC_STRINGS = YES;
				SWIFT_VERSION = 5.0;
				TARGETED_DEVICE_FAMILY = "1,2";
			};
			name = Release;
		};
/* End XCBuildConfiguration section */

/* Begin XCConfigurationList section */
		64CA89452B4A834D0018C1B2 /* Build configuration list for PBXProject "MapKitStudy" */ = {
			isa = XCConfigurationList;
			buildConfigurations = (
				64CA89572B4A83510018C1B2 /* Debug */,
				64CA89582B4A83510018C1B2 /* Release */,
			);
			defaultConfigurationIsVisible = 0;
			defaultConfigurationName = Release;
		};
		64CA89592B4A83510018C1B2 /* Build configuration list for PBXNativeTarget "MapKitStudy" */ = {
			isa = XCConfigurationList;
			buildConfigurations = (
				64CA895A2B4A83510018C1B2 /* Debug */,
				64CA895B2B4A83510018C1B2 /* Release */,
			);
			defaultConfigurationIsVisible = 0;
			defaultConfigurationName = Release;
		};
/* End XCConfigurationList section */
	};
	rootObject = 64CA89422B4A834D0018C1B2 /* Project object */;
}
