// !$*UTF8*$!
{
	archiveVersion = 1;
	classes = {
	};
	objectVersion = 56;
	objects = {

/* Begin PBXBuildFile section */
		64804C112C2BE01900931573 /* FilterApp.swift in Sources */ = {isa = PBXBuildFile; fileRef = 64804C102C2BE01900931573 /* FilterApp.swift */; };
		64804C132C2BE01900931573 /* ContentView.swift in Sources */ = {isa = PBXBuildFile; fileRef = 64804C122C2BE01900931573 /* ContentView.swift */; };
		64804C152C2BE01C00931573 /* Assets.xcassets in Resources */ = {isa = PBXBuildFile; fileRef = 64804C142C2BE01C00931573 /* Assets.xcassets */; };
		64804C182C2BE01C00931573 /* Preview Assets.xcassets in Resources */ = {isa = PBXBuildFile; fileRef = 64804C172C2BE01C00931573 /* Preview Assets.xcassets */; };
		64804C232C2BE06500931573 /* Home.swift in Sources */ = {isa = PBXBuildFile; fileRef = 64804C222C2BE06500931573 /* Home.swift */; };
		64804C252C2BE09D00931573 /* HomeViewModel.swift in Sources */ = {isa = PBXBuildFile; fileRef = 64804C242C2BE09C00931573 /* HomeViewModel.swift */; };
		64804C272C2BE15E00931573 /* ImagePicker.swift in Sources */ = {isa = PBXBuildFile; fileRef = 64804C262C2BE15E00931573 /* ImagePicker.swift */; };
		64804C292C2BE7FA00931573 /* FilteredImage.swift in Sources */ = {isa = PBXBuildFile; fileRef = 64804C282C2BE7FA00931573 /* FilteredImage.swift */; };
/* End PBXBuildFile section */

/* Begin PBXFileReference section */
		64804C0D2C2BE01900931573 /* Filter.app */ = {isa = PBXFileReference; explicitFileType = wrapper.application; includeInIndex = 0; path = Filter.app; sourceTree = BUILT_PRODUCTS_DIR; };
		64804C102C2BE01900931573 /* FilterApp.swift */ = {isa = PBXFileReference; lastKnownFileType = sourcecode.swift; path = FilterApp.swift; sourceTree = "<group>"; };
		64804C122C2BE01900931573 /* ContentView.swift */ = {isa = PBXFileReference; lastKnownFileType = sourcecode.swift; path = ContentView.swift; sourceTree = "<group>"; };
		64804C142C2BE01C00931573 /* Assets.xcassets */ = {isa = PBXFileReference; lastKnownFileType = folder.assetcatalog; path = Assets.xcassets; sourceTree = "<group>"; };
		64804C172C2BE01C00931573 /* Preview Assets.xcassets */ = {isa = PBXFileReference; lastKnownFileType = folder.assetcatalog; path = "Preview Assets.xcassets"; sourceTree = "<group>"; };
		64804C222C2BE06500931573 /* Home.swift */ = {isa = PBXFileReference; lastKnownFileType = sourcecode.swift; path = Home.swift; sourceTree = "<group>"; };
		64804C242C2BE09C00931573 /* HomeViewModel.swift */ = {isa = PBXFileReference; lastKnownFileType = sourcecode.swift; path = HomeViewModel.swift; sourceTree = "<group>"; };
		64804C262C2BE15E00931573 /* ImagePicker.swift */ = {isa = PBXFileReference; lastKnownFileType = sourcecode.swift; path = ImagePicker.swift; sourceTree = "<group>"; };
		64804C282C2BE7FA00931573 /* FilteredImage.swift */ = {isa = PBXFileReference; lastKnownFileType = sourcecode.swift; path = FilteredImage.swift; sourceTree = "<group>"; };
/* End PBXFileReference section */

/* Begin PBXFrameworksBuildPhase section */
		64804C0A2C2BE01900931573 /* Frameworks */ = {
			isa = PBXFrameworksBuildPhase;
			buildActionMask = 2147483647;
			files = (
			);
			runOnlyForDeploymentPostprocessing = 0;
		};
/* End PBXFrameworksBuildPhase section */

/* Begin PBXGroup section */
		64804C042C2BE01900931573 = {
			isa = PBXGroup;
			children = (
				64804C0F2C2BE01900931573 /* Filter */,
				64804C0E2C2BE01900931573 /* Products */,
			);
			sourceTree = "<group>";
		};
		64804C0E2C2BE01900931573 /* Products */ = {
			isa = PBXGroup;
			children = (
				64804C0D2C2BE01900931573 /* Filter.app */,
			);
			name = Products;
			sourceTree = "<group>";
		};
		64804C0F2C2BE01900931573 /* Filter */ = {
			isa = PBXGroup;
			children = (
				64804C1F2C2BE03700931573 /* Model */,
				64804C202C2BE03B00931573 /* ViewModel */,
				64804C1E2C2BE03300931573 /* View */,
				64804C102C2BE01900931573 /* FilterApp.swift */,
				64804C122C2BE01900931573 /* ContentView.swift */,
				64804C142C2BE01C00931573 /* Assets.xcassets */,
				64804C162C2BE01C00931573 /* Preview Content */,
			);
			path = Filter;
			sourceTree = "<group>";
		};
		64804C162C2BE01C00931573 /* Preview Content */ = {
			isa = PBXGroup;
			children = (
				64804C172C2BE01C00931573 /* Preview Assets.xcassets */,
			);
			path = "Preview Content";
			sourceTree = "<group>";
		};
		64804C1E2C2BE03300931573 /* View */ = {
			isa = PBXGroup;
			children = (
				64804C222C2BE06500931573 /* Home.swift */,
				64804C262C2BE15E00931573 /* ImagePicker.swift */,
			);
			path = View;
			sourceTree = "<group>";
		};
		64804C1F2C2BE03700931573 /* Model */ = {
			isa = PBXGroup;
			children = (
				64804C282C2BE7FA00931573 /* FilteredImage.swift */,
			);
			path = Model;
			sourceTree = "<group>";
		};
		64804C202C2BE03B00931573 /* ViewModel */ = {
			isa = PBXGroup;
			children = (
				64804C242C2BE09C00931573 /* HomeViewModel.swift */,
			);
			path = ViewModel;
			sourceTree = "<group>";
		};
/* End PBXGroup section */

/* Begin PBXNativeTarget section */
		64804C0C2C2BE01900931573 /* Filter */ = {
			isa = PBXNativeTarget;
			buildConfigurationList = 64804C1B2C2BE01C00931573 /* Build configuration list for PBXNativeTarget "Filter" */;
			buildPhases = (
				64804C092C2BE01900931573 /* Sources */,
				64804C0A2C2BE01900931573 /* Frameworks */,
				64804C0B2C2BE01900931573 /* Resources */,
			);
			buildRules = (
			);
			dependencies = (
			);
			name = Filter;
			productName = Filter;
			productReference = 64804C0D2C2BE01900931573 /* Filter.app */;
			productType = "com.apple.product-type.application";
		};
/* End PBXNativeTarget section */

/* Begin PBXProject section */
		64804C052C2BE01900931573 /* Project object */ = {
			isa = PBXProject;
			attributes = {
				BuildIndependentTargetsInParallel = 1;
				LastSwiftUpdateCheck = 1540;
				LastUpgradeCheck = 1540;
				TargetAttributes = {
					64804C0C2C2BE01900931573 = {
						CreatedOnToolsVersion = 15.4;
					};
				};
			};
			buildConfigurationList = 64804C082C2BE01900931573 /* Build configuration list for PBXProject "Filter" */;
			compatibilityVersion = "Xcode 14.0";
			developmentRegion = en;
			hasScannedForEncodings = 0;
			knownRegions = (
				en,
				Base,
			);
			mainGroup = 64804C042C2BE01900931573;
			productRefGroup = 64804C0E2C2BE01900931573 /* Products */;
			projectDirPath = "";
			projectRoot = "";
			targets = (
				64804C0C2C2BE01900931573 /* Filter */,
			);
		};
/* End PBXProject section */

/* Begin PBXResourcesBuildPhase section */
		64804C0B2C2BE01900931573 /* Resources */ = {
			isa = PBXResourcesBuildPhase;
			buildActionMask = 2147483647;
			files = (
				64804C182C2BE01C00931573 /* Preview Assets.xcassets in Resources */,
				64804C152C2BE01C00931573 /* Assets.xcassets in Resources */,
			);
			runOnlyForDeploymentPostprocessing = 0;
		};
/* End PBXResourcesBuildPhase section */

/* Begin PBXSourcesBuildPhase section */
		64804C092C2BE01900931573 /* Sources */ = {
			isa = PBXSourcesBuildPhase;
			buildActionMask = 2147483647;
			files = (
				64804C292C2BE7FA00931573 /* FilteredImage.swift in Sources */,
				64804C132C2BE01900931573 /* ContentView.swift in Sources */,
				64804C232C2BE06500931573 /* Home.swift in Sources */,
				64804C272C2BE15E00931573 /* ImagePicker.swift in Sources */,
				64804C112C2BE01900931573 /* FilterApp.swift in Sources */,
				64804C252C2BE09D00931573 /* HomeViewModel.swift in Sources */,
			);
			runOnlyForDeploymentPostprocessing = 0;
		};
/* End PBXSourcesBuildPhase section */

/* Begin XCBuildConfiguration section */
		64804C192C2BE01C00931573 /* Debug */ = {
			isa = XCBuildConfiguration;
			buildSettings = {
				ALWAYS_SEARCH_USER_PATHS = NO;
				ASSETCATALOG_COMPILER_GENERATE_SWIFT_ASSET_SYMBOL_EXTENSIONS = YES;
				CLANG_ANALYZER_NONNULL = YES;
				CLANG_ANALYZER_NUMBER_OBJECT_CONVERSION = YES_AGGRESSIVE;
				CLANG_CXX_LANGUAGE_STANDARD = "gnu++20";
				CLANG_ENABLE_MODULES = YES;
				CLANG_ENABLE_OBJC_ARC = YES;
				CLANG_ENABLE_OBJC_WEAK = YES;
				CLANG_WARN_BLOCK_CAPTURE_AUTORELEASING = YES;
				CLANG_WARN_BOOL_CONVERSION = YES;
				CLANG_WARN_COMMA = YES;
				CLANG_WARN_CONSTANT_CONVERSION = YES;
				CLANG_WARN_DEPRECATED_OBJC_IMPLEMENTATIONS = YES;
				CLANG_WARN_DIRECT_OBJC_ISA_USAGE = YES_ERROR;
				CLANG_WARN_DOCUMENTATION_COMMENTS = YES;
				CLANG_WARN_EMPTY_BODY = YES;
				CLANG_WARN_ENUM_CONVERSION = YES;
				CLANG_WARN_INFINITE_RECURSION = YES;
				CLANG_WARN_INT_CONVERSION = YES;
				CLANG_WARN_NON_LITERAL_NULL_CONVERSION = YES;
				CLANG_WARN_OBJC_IMPLICIT_RETAIN_SELF = YES;
				CLANG_WARN_OBJC_LITERAL_CONVERSION = YES;
				CLANG_WARN_OBJC_ROOT_CLASS = YES_ERROR;
				CLANG_WARN_QUOTED_INCLUDE_IN_FRAMEWORK_HEADER = YES;
				CLANG_WARN_RANGE_LOOP_ANALYSIS = YES;
				CLANG_WARN_STRICT_PROTOTYPES = YES;
				CLANG_WARN_SUSPICIOUS_MOVE = YES;
				CLANG_WARN_UNGUARDED_AVAILABILITY = YES_AGGRESSIVE;
				CLANG_WARN_UNREACHABLE_CODE = YES;
				CLANG_WARN__DUPLICATE_METHOD_MATCH = YES;
				COPY_PHASE_STRIP = NO;
				DEBUG_INFORMATION_FORMAT = dwarf;
				ENABLE_STRICT_OBJC_MSGSEND = YES;
				ENABLE_TESTABILITY = YES;
				ENABLE_USER_SCRIPT_SANDBOXING = YES;
				GCC_C_LANGUAGE_STANDARD = gnu17;
				GCC_DYNAMIC_NO_PIC = NO;
				GCC_NO_COMMON_BLOCKS = YES;
				GCC_OPTIMIZATION_LEVEL = 0;
				GCC_PREPROCESSOR_DEFINITIONS = (
					"DEBUG=1",
					"$(inherited)",
				);
				GCC_WARN_64_TO_32_BIT_CONVERSION = YES;
				GCC_WARN_ABOUT_RETURN_TYPE = YES_ERROR;
				GCC_WARN_UNDECLARED_SELECTOR = YES;
				GCC_WARN_UNINITIALIZED_AUTOS = YES_AGGRESSIVE;
				GCC_WARN_UNUSED_FUNCTION = YES;
				GCC_WARN_UNUSED_VARIABLE = YES;
				IPHONEOS_DEPLOYMENT_TARGET = 17.5;
				LOCALIZATION_PREFERS_STRING_CATALOGS = YES;
				MTL_ENABLE_DEBUG_INFO = INCLUDE_SOURCE;
				MTL_FAST_MATH = YES;
				ONLY_ACTIVE_ARCH = YES;
				SDKROOT = iphoneos;
				SWIFT_ACTIVE_COMPILATION_CONDITIONS = "DEBUG $(inherited)";
				SWIFT_OPTIMIZATION_LEVEL = "-Onone";
			};
			name = Debug;
		};
		64804C1A2C2BE01C00931573 /* Release */ = {
			isa = XCBuildConfiguration;
			buildSettings = {
				ALWAYS_SEARCH_USER_PATHS = NO;
				ASSETCATALOG_COMPILER_GENERATE_SWIFT_ASSET_SYMBOL_EXTENSIONS = YES;
				CLANG_ANALYZER_NONNULL = YES;
				CLANG_ANALYZER_NUMBER_OBJECT_CONVERSION = YES_AGGRESSIVE;
				CLANG_CXX_LANGUAGE_STANDARD = "gnu++20";
				CLANG_ENABLE_MODULES = YES;
				CLANG_ENABLE_OBJC_ARC = YES;
				CLANG_ENABLE_OBJC_WEAK = YES;
				CLANG_WARN_BLOCK_CAPTURE_AUTORELEASING = YES;
				CLANG_WARN_BOOL_CONVERSION = YES;
				CLANG_WARN_COMMA = YES;
				CLANG_WARN_CONSTANT_CONVERSION = YES;
				CLANG_WARN_DEPRECATED_OBJC_IMPLEMENTATIONS = YES;
				CLANG_WARN_DIRECT_OBJC_ISA_USAGE = YES_ERROR;
				CLANG_WARN_DOCUMENTATION_COMMENTS = YES;
				CLANG_WARN_EMPTY_BODY = YES;
				CLANG_WARN_ENUM_CONVERSION = YES;
				CLANG_WARN_INFINITE_RECURSION = YES;
				CLANG_WARN_INT_CONVERSION = YES;
				CLANG_WARN_NON_LITERAL_NULL_CONVERSION = YES;
				CLANG_WARN_OBJC_IMPLICIT_RETAIN_SELF = YES;
				CLANG_WARN_OBJC_LITERAL_CONVERSION = YES;
				CLANG_WARN_OBJC_ROOT_CLASS = YES_ERROR;
				CLANG_WARN_QUOTED_INCLUDE_IN_FRAMEWORK_HEADER = YES;
				CLANG_WARN_RANGE_LOOP_ANALYSIS = YES;
				CLANG_WARN_STRICT_PROTOTYPES = YES;
				CLANG_WARN_SUSPICIOUS_MOVE = YES;
				CLANG_WARN_UNGUARDED_AVAILABILITY = YES_AGGRESSIVE;
				CLANG_WARN_UNREACHABLE_CODE = YES;
				CLANG_WARN__DUPLICATE_METHOD_MATCH = YES;
				COPY_PHASE_STRIP = NO;
				DEBUG_INFORMATION_FORMAT = "dwarf-with-dsym";
				ENABLE_NS_ASSERTIONS = NO;
				ENABLE_STRICT_OBJC_MSGSEND = YES;
				ENABLE_USER_SCRIPT_SANDBOXING = YES;
				GCC_C_LANGUAGE_STANDARD = gnu17;
				GCC_NO_COMMON_BLOCKS = YES;
				GCC_WARN_64_TO_32_BIT_CONVERSION = YES;
				GCC_WARN_ABOUT_RETURN_TYPE = YES_ERROR;
				GCC_WARN_UNDECLARED_SELECTOR = YES;
				GCC_WARN_UNINITIALIZED_AUTOS = YES_AGGRESSIVE;
				GCC_WARN_UNUSED_FUNCTION = YES;
				GCC_WARN_UNUSED_VARIABLE = YES;
				IPHONEOS_DEPLOYMENT_TARGET = 17.5;
				LOCALIZATION_PREFERS_STRING_CATALOGS = YES;
				MTL_ENABLE_DEBUG_INFO = NO;
				MTL_FAST_MATH = YES;
				SDKROOT = iphoneos;
				SWIFT_COMPILATION_MODE = wholemodule;
				VALIDATE_PRODUCT = YES;
			};
			name = Release;
		};
		64804C1C2C2BE01C00931573 /* Debug */ = {
			isa = XCBuildConfiguration;
			buildSettings = {
				ASSETCATALOG_COMPILER_APPICON_NAME = AppIcon;
				ASSETCATALOG_COMPILER_GLOBAL_ACCENT_COLOR_NAME = AccentColor;
				CODE_SIGN_STYLE = Automatic;
				CURRENT_PROJECT_VERSION = 1;
				DEVELOPMENT_ASSET_PATHS = "\"Filter/Preview Content\"";
				DEVELOPMENT_TEAM = 9S8KMMC3YH;
				ENABLE_PREVIEWS = YES;
				GENERATE_INFOPLIST_FILE = YES;
				INFOPLIST_KEY_NSPhotoLibraryUsageDescription = "앨범에 접근하여 사진을 불러오고 저장하려고 합니다.";
				INFOPLIST_KEY_UIApplicationSceneManifest_Generation = YES;
				INFOPLIST_KEY_UIApplicationSupportsIndirectInputEvents = YES;
				INFOPLIST_KEY_UILaunchScreen_Generation = YES;
				INFOPLIST_KEY_UISupportedInterfaceOrientations = "UIInterfaceOrientationLandscapeLeft UIInterfaceOrientationLandscapeRight UIInterfaceOrientationPortrait";
				INFOPLIST_KEY_UISupportedInterfaceOrientations_iPad = "UIInterfaceOrientationLandscapeLeft UIInterfaceOrientationLandscapeRight UIInterfaceOrientationPortrait UIInterfaceOrientationPortraitUpsideDown";
				IPHONEOS_DEPLOYMENT_TARGET = 17.0;
				LD_RUNPATH_SEARCH_PATHS = (
					"$(inherited)",
					"@executable_path/Frameworks",
				);
				MARKETING_VERSION = 1.0;
				PRODUCT_BUNDLE_IDENTIFIER = com.woogie.Filter;
				PRODUCT_NAME = "$(TARGET_NAME)";
				SUPPORTED_PLATFORMS = "iphoneos iphonesimulator";
				SUPPORTS_MACCATALYST = NO;
				SUPPORTS_MAC_DESIGNED_FOR_IPHONE_IPAD = NO;
				SUPPORTS_XR_DESIGNED_FOR_IPHONE_IPAD = NO;
				SWIFT_EMIT_LOC_STRINGS = YES;
				SWIFT_VERSION = 5.0;
				TARGETED_DEVICE_FAMILY = 1;
			};
			name = Debug;
		};
		64804C1D2C2BE01C00931573 /* Release */ = {
			isa = XCBuildConfiguration;
			buildSettings = {
				ASSETCATALOG_COMPILER_APPICON_NAME = AppIcon;
				ASSETCATALOG_COMPILER_GLOBAL_ACCENT_COLOR_NAME = AccentColor;
				CODE_SIGN_STYLE = Automatic;
				CURRENT_PROJECT_VERSION = 1;
				DEVELOPMENT_ASSET_PATHS = "\"Filter/Preview Content\"";
				DEVELOPMENT_TEAM = 9S8KMMC3YH;
				ENABLE_PREVIEWS = YES;
				GENERATE_INFOPLIST_FILE = YES;
				INFOPLIST_KEY_NSPhotoLibraryUsageDescription = "앨범에 접근하여 사진을 불러오고 저장하려고 합니다.";
				INFOPLIST_KEY_UIApplicationSceneManifest_Generation = YES;
				INFOPLIST_KEY_UIApplicationSupportsIndirectInputEvents = YES;
				INFOPLIST_KEY_UILaunchScreen_Generation = YES;
				INFOPLIST_KEY_UISupportedInterfaceOrientations = "UIInterfaceOrientationLandscapeLeft UIInterfaceOrientationLandscapeRight UIInterfaceOrientationPortrait";
				INFOPLIST_KEY_UISupportedInterfaceOrientations_iPad = "UIInterfaceOrientationLandscapeLeft UIInterfaceOrientationLandscapeRight UIInterfaceOrientationPortrait UIInterfaceOrientationPortraitUpsideDown";
				IPHONEOS_DEPLOYMENT_TARGET = 17.0;
				LD_RUNPATH_SEARCH_PATHS = (
					"$(inherited)",
					"@executable_path/Frameworks",
				);
				MARKETING_VERSION = 1.0;
				PRODUCT_BUNDLE_IDENTIFIER = com.woogie.Filter;
				PRODUCT_NAME = "$(TARGET_NAME)";
				SUPPORTED_PLATFORMS = "iphoneos iphonesimulator";
				SUPPORTS_MACCATALYST = NO;
				SUPPORTS_MAC_DESIGNED_FOR_IPHONE_IPAD = NO;
				SUPPORTS_XR_DESIGNED_FOR_IPHONE_IPAD = NO;
				SWIFT_EMIT_LOC_STRINGS = YES;
				SWIFT_VERSION = 5.0;
				TARGETED_DEVICE_FAMILY = 1;
			};
			name = Release;
		};
/* End XCBuildConfiguration section */

/* Begin XCConfigurationList section */
		64804C082C2BE01900931573 /* Build configuration list for PBXProject "Filter" */ = {
			isa = XCConfigurationList;
			buildConfigurations = (
				64804C192C2BE01C00931573 /* Debug */,
				64804C1A2C2BE01C00931573 /* Release */,
			);
			defaultConfigurationIsVisible = 0;
			defaultConfigurationName = Release;
		};
		64804C1B2C2BE01C00931573 /* Build configuration list for PBXNativeTarget "Filter" */ = {
			isa = XCConfigurationList;
			buildConfigurations = (
				64804C1C2C2BE01C00931573 /* Debug */,
				64804C1D2C2BE01C00931573 /* Release */,
			);
			defaultConfigurationIsVisible = 0;
			defaultConfigurationName = Release;
		};
/* End XCConfigurationList section */
	};
	rootObject = 64804C052C2BE01900931573 /* Project object */;
}
