// !$*UTF8*$!
{
	archiveVersion = 1;
	classes = {
	};
	objectVersion = 56;
	objects = {

/* Begin PBXBuildFile section */
		64AECE5D2B95D68E003DBE05 /* FCM_TutorialApp.swift in Sources */ = {isa = PBXBuildFile; fileRef = 64AECE5C2B95D68E003DBE05 /* FCM_TutorialApp.swift */; };
		64AECE5F2B95D68E003DBE05 /* ContentView.swift in Sources */ = {isa = PBXBuildFile; fileRef = 64AECE5E2B95D68E003DBE05 /* ContentView.swift */; };
		64AECE612B95D691003DBE05 /* Assets.xcassets in Resources */ = {isa = PBXBuildFile; fileRef = 64AECE602B95D691003DBE05 /* Assets.xcassets */; };
		64AECE642B95D691003DBE05 /* Preview Assets.xcassets in Resources */ = {isa = PBXBuildFile; fileRef = 64AECE632B95D691003DBE05 /* Preview Assets.xcassets */; };
		64AECE6B2B95D8C4003DBE05 /* GoogleService-Info.plist in Resources */ = {isa = PBXBuildFile; fileRef = 64AECE6A2B95D8C4003DBE05 /* GoogleService-Info.plist */; };
		64AECE6E2B95DA2F003DBE05 /* FirebaseAnalytics in Frameworks */ = {isa = PBXBuildFile; productRef = 64AECE6D2B95DA2F003DBE05 /* FirebaseAnalytics */; };
		64AECE702B95DA2F003DBE05 /* FirebaseAnalyticsOnDeviceConversion in Frameworks */ = {isa = PBXBuildFile; productRef = 64AECE6F2B95DA2F003DBE05 /* FirebaseAnalyticsOnDeviceConversion */; };
		64AECE722B95DA2F003DBE05 /* FirebaseAnalyticsSwift in Frameworks */ = {isa = PBXBuildFile; productRef = 64AECE712B95DA2F003DBE05 /* FirebaseAnalyticsSwift */; };
		64AECE742B95DA2F003DBE05 /* FirebaseAnalyticsWithoutAdIdSupport in Frameworks */ = {isa = PBXBuildFile; productRef = 64AECE732B95DA2F003DBE05 /* FirebaseAnalyticsWithoutAdIdSupport */; };
		64AECE762B95DA2F003DBE05 /* FirebaseAppCheck in Frameworks */ = {isa = PBXBuildFile; productRef = 64AECE752B95DA2F003DBE05 /* FirebaseAppCheck */; };
		64AECE782B95DA2F003DBE05 /* FirebaseAppDistribution-Beta in Frameworks */ = {isa = PBXBuildFile; productRef = 64AECE772B95DA2F003DBE05 /* FirebaseAppDistribution-Beta */; };
		64AECE7A2B95DA2F003DBE05 /* FirebaseAuth in Frameworks */ = {isa = PBXBuildFile; productRef = 64AECE792B95DA2F003DBE05 /* FirebaseAuth */; };
		64AECE7C2B95DA2F003DBE05 /* FirebaseAuthCombine-Community in Frameworks */ = {isa = PBXBuildFile; productRef = 64AECE7B2B95DA2F003DBE05 /* FirebaseAuthCombine-Community */; };
		64AECE7E2B95DA2F003DBE05 /* FirebaseCrashlytics in Frameworks */ = {isa = PBXBuildFile; productRef = 64AECE7D2B95DA2F003DBE05 /* FirebaseCrashlytics */; };
		64AECE802B95DA2F003DBE05 /* FirebaseDatabase in Frameworks */ = {isa = PBXBuildFile; productRef = 64AECE7F2B95DA2F003DBE05 /* FirebaseDatabase */; };
		64AECE822B95DA2F003DBE05 /* FirebaseDatabaseSwift in Frameworks */ = {isa = PBXBuildFile; productRef = 64AECE812B95DA2F003DBE05 /* FirebaseDatabaseSwift */; };
		64AECE842B95DA2F003DBE05 /* FirebaseDynamicLinks in Frameworks */ = {isa = PBXBuildFile; productRef = 64AECE832B95DA2F003DBE05 /* FirebaseDynamicLinks */; };
		64AECE862B95DA2F003DBE05 /* FirebaseFirestore in Frameworks */ = {isa = PBXBuildFile; productRef = 64AECE852B95DA2F003DBE05 /* FirebaseFirestore */; };
		64AECE882B95DA2F003DBE05 /* FirebaseFirestoreCombine-Community in Frameworks */ = {isa = PBXBuildFile; productRef = 64AECE872B95DA2F003DBE05 /* FirebaseFirestoreCombine-Community */; };
		64AECE8A2B95DA2F003DBE05 /* FirebaseFirestoreSwift in Frameworks */ = {isa = PBXBuildFile; productRef = 64AECE892B95DA2F003DBE05 /* FirebaseFirestoreSwift */; };
		64AECE8C2B95DA2F003DBE05 /* FirebaseFunctions in Frameworks */ = {isa = PBXBuildFile; productRef = 64AECE8B2B95DA2F003DBE05 /* FirebaseFunctions */; };
		64AECE8E2B95DA2F003DBE05 /* FirebaseFunctionsCombine-Community in Frameworks */ = {isa = PBXBuildFile; productRef = 64AECE8D2B95DA2F003DBE05 /* FirebaseFunctionsCombine-Community */; };
		64AECE902B95DA2F003DBE05 /* FirebaseInAppMessaging-Beta in Frameworks */ = {isa = PBXBuildFile; productRef = 64AECE8F2B95DA2F003DBE05 /* FirebaseInAppMessaging-Beta */; };
		64AECE922B95DA2F003DBE05 /* FirebaseInAppMessagingSwift-Beta in Frameworks */ = {isa = PBXBuildFile; productRef = 64AECE912B95DA2F003DBE05 /* FirebaseInAppMessagingSwift-Beta */; };
		64AECE942B95DA2F003DBE05 /* FirebaseInstallations in Frameworks */ = {isa = PBXBuildFile; productRef = 64AECE932B95DA2F003DBE05 /* FirebaseInstallations */; };
		64AECE962B95DA2F003DBE05 /* FirebaseMLModelDownloader in Frameworks */ = {isa = PBXBuildFile; productRef = 64AECE952B95DA2F003DBE05 /* FirebaseMLModelDownloader */; };
		64AECE982B95DA2F003DBE05 /* FirebaseMessaging in Frameworks */ = {isa = PBXBuildFile; productRef = 64AECE972B95DA2F003DBE05 /* FirebaseMessaging */; };
		64AECE9A2B95DA2F003DBE05 /* FirebasePerformance in Frameworks */ = {isa = PBXBuildFile; productRef = 64AECE992B95DA2F003DBE05 /* FirebasePerformance */; };
		64AECE9C2B95DA2F003DBE05 /* FirebaseRemoteConfig in Frameworks */ = {isa = PBXBuildFile; productRef = 64AECE9B2B95DA2F003DBE05 /* FirebaseRemoteConfig */; };
		64AECE9E2B95DA2F003DBE05 /* FirebaseRemoteConfigSwift in Frameworks */ = {isa = PBXBuildFile; productRef = 64AECE9D2B95DA2F003DBE05 /* FirebaseRemoteConfigSwift */; };
		64AECEA02B95DA2F003DBE05 /* FirebaseStorage in Frameworks */ = {isa = PBXBuildFile; productRef = 64AECE9F2B95DA2F003DBE05 /* FirebaseStorage */; };
		64AECEA22B95DA2F003DBE05 /* FirebaseStorageCombine-Community in Frameworks */ = {isa = PBXBuildFile; productRef = 64AECEA12B95DA2F003DBE05 /* FirebaseStorageCombine-Community */; };
/* End PBXBuildFile section */

/* Begin PBXFileReference section */
		64AECE592B95D68E003DBE05 /* FCM_Tutorial.app */ = {isa = PBXFileReference; explicitFileType = wrapper.application; includeInIndex = 0; path = FCM_Tutorial.app; sourceTree = BUILT_PRODUCTS_DIR; };
		64AECE5C2B95D68E003DBE05 /* FCM_TutorialApp.swift */ = {isa = PBXFileReference; lastKnownFileType = sourcecode.swift; path = FCM_TutorialApp.swift; sourceTree = "<group>"; };
		64AECE5E2B95D68E003DBE05 /* ContentView.swift */ = {isa = PBXFileReference; lastKnownFileType = sourcecode.swift; path = ContentView.swift; sourceTree = "<group>"; };
		64AECE602B95D691003DBE05 /* Assets.xcassets */ = {isa = PBXFileReference; lastKnownFileType = folder.assetcatalog; path = Assets.xcassets; sourceTree = "<group>"; };
		64AECE632B95D691003DBE05 /* Preview Assets.xcassets */ = {isa = PBXFileReference; lastKnownFileType = folder.assetcatalog; path = "Preview Assets.xcassets"; sourceTree = "<group>"; };
		64AECE6A2B95D8C4003DBE05 /* GoogleService-Info.plist */ = {isa = PBXFileReference; fileEncoding = 4; lastKnownFileType = text.plist.xml; path = "GoogleService-Info.plist"; sourceTree = "<group>"; };
		64AECEA32B95DA64003DBE05 /* FCM_Tutorial.entitlements */ = {isa = PBXFileReference; lastKnownFileType = text.plist.entitlements; path = FCM_Tutorial.entitlements; sourceTree = "<group>"; };
/* End PBXFileReference section */

/* Begin PBXFrameworksBuildPhase section */
		64AECE562B95D68E003DBE05 /* Frameworks */ = {
			isa = PBXFrameworksBuildPhase;
			buildActionMask = 2147483647;
			files = (
				64AECE802B95DA2F003DBE05 /* FirebaseDatabase in Frameworks */,
				64AECE8E2B95DA2F003DBE05 /* FirebaseFunctionsCombine-Community in Frameworks */,
				64AECE862B95DA2F003DBE05 /* FirebaseFirestore in Frameworks */,
				64AECE722B95DA2F003DBE05 /* FirebaseAnalyticsSwift in Frameworks */,
				64AECE6E2B95DA2F003DBE05 /* FirebaseAnalytics in Frameworks */,
				64AECE702B95DA2F003DBE05 /* FirebaseAnalyticsOnDeviceConversion in Frameworks */,
				64AECE962B95DA2F003DBE05 /* FirebaseMLModelDownloader in Frameworks */,
				64AECE8A2B95DA2F003DBE05 /* FirebaseFirestoreSwift in Frameworks */,
				64AECE762B95DA2F003DBE05 /* FirebaseAppCheck in Frameworks */,
				64AECE742B95DA2F003DBE05 /* FirebaseAnalyticsWithoutAdIdSupport in Frameworks */,
				64AECE7A2B95DA2F003DBE05 /* FirebaseAuth in Frameworks */,
				64AECE7E2B95DA2F003DBE05 /* FirebaseCrashlytics in Frameworks */,
				64AECE9E2B95DA2F003DBE05 /* FirebaseRemoteConfigSwift in Frameworks */,
				64AECE902B95DA2F003DBE05 /* FirebaseInAppMessaging-Beta in Frameworks */,
				64AECE822B95DA2F003DBE05 /* FirebaseDatabaseSwift in Frameworks */,
				64AECE8C2B95DA2F003DBE05 /* FirebaseFunctions in Frameworks */,
				64AECEA22B95DA2F003DBE05 /* FirebaseStorageCombine-Community in Frameworks */,
				64AECE9C2B95DA2F003DBE05 /* FirebaseRemoteConfig in Frameworks */,
				64AECE782B95DA2F003DBE05 /* FirebaseAppDistribution-Beta in Frameworks */,
				64AECE7C2B95DA2F003DBE05 /* FirebaseAuthCombine-Community in Frameworks */,
				64AECE9A2B95DA2F003DBE05 /* FirebasePerformance in Frameworks */,
				64AECE922B95DA2F003DBE05 /* FirebaseInAppMessagingSwift-Beta in Frameworks */,
				64AECEA02B95DA2F003DBE05 /* FirebaseStorage in Frameworks */,
				64AECE842B95DA2F003DBE05 /* FirebaseDynamicLinks in Frameworks */,
				64AECE882B95DA2F003DBE05 /* FirebaseFirestoreCombine-Community in Frameworks */,
				64AECE982B95DA2F003DBE05 /* FirebaseMessaging in Frameworks */,
				64AECE942B95DA2F003DBE05 /* FirebaseInstallations in Frameworks */,
			);
			runOnlyForDeploymentPostprocessing = 0;
		};
/* End PBXFrameworksBuildPhase section */

/* Begin PBXGroup section */
		64AECE502B95D68D003DBE05 = {
			isa = PBXGroup;
			children = (
				64AECE5B2B95D68E003DBE05 /* FCM_Tutorial */,
				64AECE5A2B95D68E003DBE05 /* Products */,
			);
			sourceTree = "<group>";
		};
		64AECE5A2B95D68E003DBE05 /* Products */ = {
			isa = PBXGroup;
			children = (
				64AECE592B95D68E003DBE05 /* FCM_Tutorial.app */,
			);
			name = Products;
			sourceTree = "<group>";
		};
		64AECE5B2B95D68E003DBE05 /* FCM_Tutorial */ = {
			isa = PBXGroup;
			children = (
				64AECEA32B95DA64003DBE05 /* FCM_Tutorial.entitlements */,
				64AECE5C2B95D68E003DBE05 /* FCM_TutorialApp.swift */,
				64AECE5E2B95D68E003DBE05 /* ContentView.swift */,
				64AECE602B95D691003DBE05 /* Assets.xcassets */,
				64AECE6A2B95D8C4003DBE05 /* GoogleService-Info.plist */,
				64AECE622B95D691003DBE05 /* Preview Content */,
			);
			path = FCM_Tutorial;
			sourceTree = "<group>";
		};
		64AECE622B95D691003DBE05 /* Preview Content */ = {
			isa = PBXGroup;
			children = (
				64AECE632B95D691003DBE05 /* Preview Assets.xcassets */,
			);
			path = "Preview Content";
			sourceTree = "<group>";
		};
/* End PBXGroup section */

/* Begin PBXNativeTarget section */
		64AECE582B95D68E003DBE05 /* FCM_Tutorial */ = {
			isa = PBXNativeTarget;
			buildConfigurationList = 64AECE672B95D691003DBE05 /* Build configuration list for PBXNativeTarget "FCM_Tutorial" */;
			buildPhases = (
				64AECE552B95D68E003DBE05 /* Sources */,
				64AECE562B95D68E003DBE05 /* Frameworks */,
				64AECE572B95D68E003DBE05 /* Resources */,
			);
			buildRules = (
			);
			dependencies = (
			);
			name = FCM_Tutorial;
			packageProductDependencies = (
				64AECE6D2B95DA2F003DBE05 /* FirebaseAnalytics */,
				64AECE6F2B95DA2F003DBE05 /* FirebaseAnalyticsOnDeviceConversion */,
				64AECE712B95DA2F003DBE05 /* FirebaseAnalyticsSwift */,
				64AECE732B95DA2F003DBE05 /* FirebaseAnalyticsWithoutAdIdSupport */,
				64AECE752B95DA2F003DBE05 /* FirebaseAppCheck */,
				64AECE772B95DA2F003DBE05 /* FirebaseAppDistribution-Beta */,
				64AECE792B95DA2F003DBE05 /* FirebaseAuth */,
				64AECE7B2B95DA2F003DBE05 /* FirebaseAuthCombine-Community */,
				64AECE7D2B95DA2F003DBE05 /* FirebaseCrashlytics */,
				64AECE7F2B95DA2F003DBE05 /* FirebaseDatabase */,
				64AECE812B95DA2F003DBE05 /* FirebaseDatabaseSwift */,
				64AECE832B95DA2F003DBE05 /* FirebaseDynamicLinks */,
				64AECE852B95DA2F003DBE05 /* FirebaseFirestore */,
				64AECE872B95DA2F003DBE05 /* FirebaseFirestoreCombine-Community */,
				64AECE892B95DA2F003DBE05 /* FirebaseFirestoreSwift */,
				64AECE8B2B95DA2F003DBE05 /* FirebaseFunctions */,
				64AECE8D2B95DA2F003DBE05 /* FirebaseFunctionsCombine-Community */,
				64AECE8F2B95DA2F003DBE05 /* FirebaseInAppMessaging-Beta */,
				64AECE912B95DA2F003DBE05 /* FirebaseInAppMessagingSwift-Beta */,
				64AECE932B95DA2F003DBE05 /* FirebaseInstallations */,
				64AECE952B95DA2F003DBE05 /* FirebaseMLModelDownloader */,
				64AECE972B95DA2F003DBE05 /* FirebaseMessaging */,
				64AECE992B95DA2F003DBE05 /* FirebasePerformance */,
				64AECE9B2B95DA2F003DBE05 /* FirebaseRemoteConfig */,
				64AECE9D2B95DA2F003DBE05 /* FirebaseRemoteConfigSwift */,
				64AECE9F2B95DA2F003DBE05 /* FirebaseStorage */,
				64AECEA12B95DA2F003DBE05 /* FirebaseStorageCombine-Community */,
			);
			productName = FCM_Tutorial;
			productReference = 64AECE592B95D68E003DBE05 /* FCM_Tutorial.app */;
			productType = "com.apple.product-type.application";
		};
/* End PBXNativeTarget section */

/* Begin PBXProject section */
		64AECE512B95D68D003DBE05 /* Project object */ = {
			isa = PBXProject;
			attributes = {
				BuildIndependentTargetsInParallel = 1;
				LastSwiftUpdateCheck = 1520;
				LastUpgradeCheck = 1520;
				TargetAttributes = {
					64AECE582B95D68E003DBE05 = {
						CreatedOnToolsVersion = 15.2;
					};
				};
			};
			buildConfigurationList = 64AECE542B95D68D003DBE05 /* Build configuration list for PBXProject "FCM_Tutorial" */;
			compatibilityVersion = "Xcode 14.0";
			developmentRegion = en;
			hasScannedForEncodings = 0;
			knownRegions = (
				en,
				Base,
			);
			mainGroup = 64AECE502B95D68D003DBE05;
			packageReferences = (
				64AECE6C2B95DA2F003DBE05 /* XCRemoteSwiftPackageReference "firebase-ios-sdk" */,
			);
			productRefGroup = 64AECE5A2B95D68E003DBE05 /* Products */;
			projectDirPath = "";
			projectRoot = "";
			targets = (
				64AECE582B95D68E003DBE05 /* FCM_Tutorial */,
			);
		};
/* End PBXProject section */

/* Begin PBXResourcesBuildPhase section */
		64AECE572B95D68E003DBE05 /* Resources */ = {
			isa = PBXResourcesBuildPhase;
			buildActionMask = 2147483647;
			files = (
				64AECE642B95D691003DBE05 /* Preview Assets.xcassets in Resources */,
				64AECE612B95D691003DBE05 /* Assets.xcassets in Resources */,
				64AECE6B2B95D8C4003DBE05 /* GoogleService-Info.plist in Resources */,
			);
			runOnlyForDeploymentPostprocessing = 0;
		};
/* End PBXResourcesBuildPhase section */

/* Begin PBXSourcesBuildPhase section */
		64AECE552B95D68E003DBE05 /* Sources */ = {
			isa = PBXSourcesBuildPhase;
			buildActionMask = 2147483647;
			files = (
				64AECE5F2B95D68E003DBE05 /* ContentView.swift in Sources */,
				64AECE5D2B95D68E003DBE05 /* FCM_TutorialApp.swift in Sources */,
			);
			runOnlyForDeploymentPostprocessing = 0;
		};
/* End PBXSourcesBuildPhase section */

/* Begin XCBuildConfiguration section */
		64AECE652B95D691003DBE05 /* Debug */ = {
			isa = XCBuildConfiguration;
			buildSettings = {
				ALWAYS_SEARCH_USER_PATHS = NO;
				ASSETCATALOG_COMPILER_APPICON_NAME = AppIcon.dev;
				ASSETCATALOG_COMPILER_GENERATE_SWIFT_ASSET_SYMBOL_EXTENSIONS = YES;
				CLANG_ANALYZER_NONNULL = YES;
				CLANG_ANALYZER_NUMBER_OBJECT_CONVERSION = YES_AGGRESSIVE;
				CLANG_CXX_LANGUAGE_STANDARD = "gnu++20";
				CLANG_ENABLE_MODULES = YES;
				CLANG_ENABLE_OBJC_ARC = YES;
				CLANG_ENABLE_OBJC_WEAK = YES;
				CLANG_WARN_BLOCK_CAPTURE_AUTORELEASING = YES;
				CLANG_WARN_BOOL_CONVERSION = YES;
				CLANG_WARN_COMMA = YES;
				CLANG_WARN_CONSTANT_CONVERSION = YES;
				CLANG_WARN_DEPRECATED_OBJC_IMPLEMENTATIONS = YES;
				CLANG_WARN_DIRECT_OBJC_ISA_USAGE = YES_ERROR;
				CLANG_WARN_DOCUMENTATION_COMMENTS = YES;
				CLANG_WARN_EMPTY_BODY = YES;
				CLANG_WARN_ENUM_CONVERSION = YES;
				CLANG_WARN_INFINITE_RECURSION = YES;
				CLANG_WARN_INT_CONVERSION = YES;
				CLANG_WARN_NON_LITERAL_NULL_CONVERSION = YES;
				CLANG_WARN_OBJC_IMPLICIT_RETAIN_SELF = YES;
				CLANG_WARN_OBJC_LITERAL_CONVERSION = YES;
				CLANG_WARN_OBJC_ROOT_CLASS = YES_ERROR;
				CLANG_WARN_QUOTED_INCLUDE_IN_FRAMEWORK_HEADER = YES;
				CLANG_WARN_RANGE_LOOP_ANALYSIS = YES;
				CLANG_WARN_STRICT_PROTOTYPES = YES;
				CLANG_WARN_SUSPICIOUS_MOVE = YES;
				CLANG_WARN_UNGUARDED_AVAILABILITY = YES_AGGRESSIVE;
				CLANG_WARN_UNREACHABLE_CODE = YES;
				CLANG_WARN__DUPLICATE_METHOD_MATCH = YES;
				COPY_PHASE_STRIP = NO;
				DEBUG_INFORMATION_FORMAT = dwarf;
				ENABLE_STRICT_OBJC_MSGSEND = YES;
				ENABLE_TESTABILITY = YES;
				ENABLE_USER_SCRIPT_SANDBOXING = YES;
				GCC_C_LANGUAGE_STANDARD = gnu17;
				GCC_DYNAMIC_NO_PIC = NO;
				GCC_NO_COMMON_BLOCKS = YES;
				GCC_OPTIMIZATION_LEVEL = 0;
				GCC_PREPROCESSOR_DEFINITIONS = (
					"DEBUG=1",
					"$(inherited)",
				);
				GCC_WARN_64_TO_32_BIT_CONVERSION = YES;
				GCC_WARN_ABOUT_RETURN_TYPE = YES_ERROR;
				GCC_WARN_UNDECLARED_SELECTOR = YES;
				GCC_WARN_UNINITIALIZED_AUTOS = YES_AGGRESSIVE;
				GCC_WARN_UNUSED_FUNCTION = YES;
				GCC_WARN_UNUSED_VARIABLE = YES;
				IPHONEOS_DEPLOYMENT_TARGET = 17.2;
				LOCALIZATION_PREFERS_STRING_CATALOGS = YES;
				MTL_ENABLE_DEBUG_INFO = INCLUDE_SOURCE;
				MTL_FAST_MATH = YES;
				ONLY_ACTIVE_ARCH = YES;
				SDKROOT = iphoneos;
				SWIFT_ACTIVE_COMPILATION_CONDITIONS = "DEBUG $(inherited)";
				SWIFT_OPTIMIZATION_LEVEL = "-Onone";
			};
			name = Debug;
		};
		64AECE662B95D691003DBE05 /* Release */ = {
			isa = XCBuildConfiguration;
			buildSettings = {
				ALWAYS_SEARCH_USER_PATHS = NO;
				ASSETCATALOG_COMPILER_APPICON_NAME = AppIcon;
				ASSETCATALOG_COMPILER_GENERATE_SWIFT_ASSET_SYMBOL_EXTENSIONS = YES;
				CLANG_ANALYZER_NONNULL = YES;
				CLANG_ANALYZER_NUMBER_OBJECT_CONVERSION = YES_AGGRESSIVE;
				CLANG_CXX_LANGUAGE_STANDARD = "gnu++20";
				CLANG_ENABLE_MODULES = YES;
				CLANG_ENABLE_OBJC_ARC = YES;
				CLANG_ENABLE_OBJC_WEAK = YES;
				CLANG_WARN_BLOCK_CAPTURE_AUTORELEASING = YES;
				CLANG_WARN_BOOL_CONVERSION = YES;
				CLANG_WARN_COMMA = YES;
				CLANG_WARN_CONSTANT_CONVERSION = YES;
				CLANG_WARN_DEPRECATED_OBJC_IMPLEMENTATIONS = YES;
				CLANG_WARN_DIRECT_OBJC_ISA_USAGE = YES_ERROR;
				CLANG_WARN_DOCUMENTATION_COMMENTS = YES;
				CLANG_WARN_EMPTY_BODY = YES;
				CLANG_WARN_ENUM_CONVERSION = YES;
				CLANG_WARN_INFINITE_RECURSION = YES;
				CLANG_WARN_INT_CONVERSION = YES;
				CLANG_WARN_NON_LITERAL_NULL_CONVERSION = YES;
				CLANG_WARN_OBJC_IMPLICIT_RETAIN_SELF = YES;
				CLANG_WARN_OBJC_LITERAL_CONVERSION = YES;
				CLANG_WARN_OBJC_ROOT_CLASS = YES_ERROR;
				CLANG_WARN_QUOTED_INCLUDE_IN_FRAMEWORK_HEADER = YES;
				CLANG_WARN_RANGE_LOOP_ANALYSIS = YES;
				CLANG_WARN_STRICT_PROTOTYPES = YES;
				CLANG_WARN_SUSPICIOUS_MOVE = YES;
				CLANG_WARN_UNGUARDED_AVAILABILITY = YES_AGGRESSIVE;
				CLANG_WARN_UNREACHABLE_CODE = YES;
				CLANG_WARN__DUPLICATE_METHOD_MATCH = YES;
				COPY_PHASE_STRIP = NO;
				DEBUG_INFORMATION_FORMAT = "dwarf-with-dsym";
				ENABLE_NS_ASSERTIONS = NO;
				ENABLE_STRICT_OBJC_MSGSEND = YES;
				ENABLE_USER_SCRIPT_SANDBOXING = YES;
				GCC_C_LANGUAGE_STANDARD = gnu17;
				GCC_NO_COMMON_BLOCKS = YES;
				GCC_WARN_64_TO_32_BIT_CONVERSION = YES;
				GCC_WARN_ABOUT_RETURN_TYPE = YES_ERROR;
				GCC_WARN_UNDECLARED_SELECTOR = YES;
				GCC_WARN_UNINITIALIZED_AUTOS = YES_AGGRESSIVE;
				GCC_WARN_UNUSED_FUNCTION = YES;
				GCC_WARN_UNUSED_VARIABLE = YES;
				IPHONEOS_DEPLOYMENT_TARGET = 17.2;
				LOCALIZATION_PREFERS_STRING_CATALOGS = YES;
				MTL_ENABLE_DEBUG_INFO = NO;
				MTL_FAST_MATH = YES;
				SDKROOT = iphoneos;
				SWIFT_COMPILATION_MODE = wholemodule;
				VALIDATE_PRODUCT = YES;
			};
			name = Release;
		};
		64AECE682B95D691003DBE05 /* Debug */ = {
			isa = XCBuildConfiguration;
			buildSettings = {
				ASSETCATALOG_COMPILER_APPICON_NAME = AppIcon.dev;
				ASSETCATALOG_COMPILER_GLOBAL_ACCENT_COLOR_NAME = AccentColor;
				BUNDLE_ID_SUFFIX = "-dev";
				CODE_SIGN_ENTITLEMENTS = FCM_Tutorial/FCM_Tutorial.entitlements;
				CODE_SIGN_STYLE = Automatic;
				CURRENT_PROJECT_VERSION = 1;
				DEVELOPMENT_ASSET_PATHS = "\"FCM_Tutorial/Preview Content\"";
				DEVELOPMENT_TEAM = 5KA6J79S24;
				ENABLE_PREVIEWS = YES;
				GENERATE_INFOPLIST_FILE = YES;
				INFOPLIST_KEY_CFBundleDisplayName = "디버그";
				INFOPLIST_KEY_UIApplicationSceneManifest_Generation = YES;
				INFOPLIST_KEY_UIApplicationSupportsIndirectInputEvents = YES;
				INFOPLIST_KEY_UILaunchScreen_Generation = YES;
				INFOPLIST_KEY_UISupportedInterfaceOrientations_iPad = "UIInterfaceOrientationPortrait UIInterfaceOrientationPortraitUpsideDown UIInterfaceOrientationLandscapeLeft UIInterfaceOrientationLandscapeRight";
				INFOPLIST_KEY_UISupportedInterfaceOrientations_iPhone = "UIInterfaceOrientationPortrait UIInterfaceOrientationLandscapeLeft UIInterfaceOrientationLandscapeRight";
				LD_RUNPATH_SEARCH_PATHS = (
					"$(inherited)",
					"@executable_path/Frameworks",
				);
				MARKETING_VERSION = 1.0;
				PRODUCT_BUNDLE_IDENTIFIER = "com.woogie.FCM-Tutorial-dev";
				PRODUCT_NAME = "$(TARGET_NAME)";
				SWIFT_EMIT_LOC_STRINGS = YES;
				SWIFT_VERSION = 5.0;
				TARGETED_DEVICE_FAMILY = "1,2";
			};
			name = Debug;
		};
		64AECE692B95D691003DBE05 /* Release */ = {
			isa = XCBuildConfiguration;
			buildSettings = {
				ASSETCATALOG_COMPILER_APPICON_NAME = AppIcon;
				ASSETCATALOG_COMPILER_GLOBAL_ACCENT_COLOR_NAME = AccentColor;
				BUNDLE_ID_SUFFIX = "";
				CODE_SIGN_ENTITLEMENTS = FCM_Tutorial/FCM_Tutorial.entitlements;
				CODE_SIGN_STYLE = Automatic;
				CURRENT_PROJECT_VERSION = 1;
				DEVELOPMENT_ASSET_PATHS = "\"FCM_Tutorial/Preview Content\"";
				DEVELOPMENT_TEAM = 5KA6J79S24;
				ENABLE_PREVIEWS = YES;
				GENERATE_INFOPLIST_FILE = YES;
				INFOPLIST_KEY_CFBundleDisplayName = "운영";
				INFOPLIST_KEY_UIApplicationSceneManifest_Generation = YES;
				INFOPLIST_KEY_UIApplicationSupportsIndirectInputEvents = YES;
				INFOPLIST_KEY_UILaunchScreen_Generation = YES;
				INFOPLIST_KEY_UISupportedInterfaceOrientations_iPad = "UIInterfaceOrientationPortrait UIInterfaceOrientationPortraitUpsideDown UIInterfaceOrientationLandscapeLeft UIInterfaceOrientationLandscapeRight";
				INFOPLIST_KEY_UISupportedInterfaceOrientations_iPhone = "UIInterfaceOrientationPortrait UIInterfaceOrientationLandscapeLeft UIInterfaceOrientationLandscapeRight";
				LD_RUNPATH_SEARCH_PATHS = (
					"$(inherited)",
					"@executable_path/Frameworks",
				);
				MARKETING_VERSION = 1.0;
				PRODUCT_BUNDLE_IDENTIFIER = "com.woogie.FCM-Tutorial";
				PRODUCT_NAME = "$(TARGET_NAME)";
				SWIFT_EMIT_LOC_STRINGS = YES;
				SWIFT_VERSION = 5.0;
				TARGETED_DEVICE_FAMILY = "1,2";
			};
			name = Release;
		};
/* End XCBuildConfiguration section */

/* Begin XCConfigurationList section */
		64AECE542B95D68D003DBE05 /* Build configuration list for PBXProject "FCM_Tutorial" */ = {
			isa = XCConfigurationList;
			buildConfigurations = (
				64AECE652B95D691003DBE05 /* Debug */,
				64AECE662B95D691003DBE05 /* Release */,
			);
			defaultConfigurationIsVisible = 0;
			defaultConfigurationName = Release;
		};
		64AECE672B95D691003DBE05 /* Build configuration list for PBXNativeTarget "FCM_Tutorial" */ = {
			isa = XCConfigurationList;
			buildConfigurations = (
				64AECE682B95D691003DBE05 /* Debug */,
				64AECE692B95D691003DBE05 /* Release */,
			);
			defaultConfigurationIsVisible = 0;
			defaultConfigurationName = Release;
		};
/* End XCConfigurationList section */

/* Begin XCRemoteSwiftPackageReference section */
		64AECE6C2B95DA2F003DBE05 /* XCRemoteSwiftPackageReference "firebase-ios-sdk" */ = {
			isa = XCRemoteSwiftPackageReference;
			repositoryURL = "https://github.com/firebase/firebase-ios-sdk";
			requirement = {
				kind = upToNextMajorVersion;
				minimumVersion = 10.21.0;
			};
		};
/* End XCRemoteSwiftPackageReference section */

/* Begin XCSwiftPackageProductDependency section */
		64AECE6D2B95DA2F003DBE05 /* FirebaseAnalytics */ = {
			isa = XCSwiftPackageProductDependency;
			package = 64AECE6C2B95DA2F003DBE05 /* XCRemoteSwiftPackageReference "firebase-ios-sdk" */;
			productName = FirebaseAnalytics;
		};
		64AECE6F2B95DA2F003DBE05 /* FirebaseAnalyticsOnDeviceConversion */ = {
			isa = XCSwiftPackageProductDependency;
			package = 64AECE6C2B95DA2F003DBE05 /* XCRemoteSwiftPackageReference "firebase-ios-sdk" */;
			productName = FirebaseAnalyticsOnDeviceConversion;
		};
		64AECE712B95DA2F003DBE05 /* FirebaseAnalyticsSwift */ = {
			isa = XCSwiftPackageProductDependency;
			package = 64AECE6C2B95DA2F003DBE05 /* XCRemoteSwiftPackageReference "firebase-ios-sdk" */;
			productName = FirebaseAnalyticsSwift;
		};
		64AECE732B95DA2F003DBE05 /* FirebaseAnalyticsWithoutAdIdSupport */ = {
			isa = XCSwiftPackageProductDependency;
			package = 64AECE6C2B95DA2F003DBE05 /* XCRemoteSwiftPackageReference "firebase-ios-sdk" */;
			productName = FirebaseAnalyticsWithoutAdIdSupport;
		};
		64AECE752B95DA2F003DBE05 /* FirebaseAppCheck */ = {
			isa = XCSwiftPackageProductDependency;
			package = 64AECE6C2B95DA2F003DBE05 /* XCRemoteSwiftPackageReference "firebase-ios-sdk" */;
			productName = FirebaseAppCheck;
		};
		64AECE772B95DA2F003DBE05 /* FirebaseAppDistribution-Beta */ = {
			isa = XCSwiftPackageProductDependency;
			package = 64AECE6C2B95DA2F003DBE05 /* XCRemoteSwiftPackageReference "firebase-ios-sdk" */;
			productName = "FirebaseAppDistribution-Beta";
		};
		64AECE792B95DA2F003DBE05 /* FirebaseAuth */ = {
			isa = XCSwiftPackageProductDependency;
			package = 64AECE6C2B95DA2F003DBE05 /* XCRemoteSwiftPackageReference "firebase-ios-sdk" */;
			productName = FirebaseAuth;
		};
		64AECE7B2B95DA2F003DBE05 /* FirebaseAuthCombine-Community */ = {
			isa = XCSwiftPackageProductDependency;
			package = 64AECE6C2B95DA2F003DBE05 /* XCRemoteSwiftPackageReference "firebase-ios-sdk" */;
			productName = "FirebaseAuthCombine-Community";
		};
		64AECE7D2B95DA2F003DBE05 /* FirebaseCrashlytics */ = {
			isa = XCSwiftPackageProductDependency;
			package = 64AECE6C2B95DA2F003DBE05 /* XCRemoteSwiftPackageReference "firebase-ios-sdk" */;
			productName = FirebaseCrashlytics;
		};
		64AECE7F2B95DA2F003DBE05 /* FirebaseDatabase */ = {
			isa = XCSwiftPackageProductDependency;
			package = 64AECE6C2B95DA2F003DBE05 /* XCRemoteSwiftPackageReference "firebase-ios-sdk" */;
			productName = FirebaseDatabase;
		};
		64AECE812B95DA2F003DBE05 /* FirebaseDatabaseSwift */ = {
			isa = XCSwiftPackageProductDependency;
			package = 64AECE6C2B95DA2F003DBE05 /* XCRemoteSwiftPackageReference "firebase-ios-sdk" */;
			productName = FirebaseDatabaseSwift;
		};
		64AECE832B95DA2F003DBE05 /* FirebaseDynamicLinks */ = {
			isa = XCSwiftPackageProductDependency;
			package = 64AECE6C2B95DA2F003DBE05 /* XCRemoteSwiftPackageReference "firebase-ios-sdk" */;
			productName = FirebaseDynamicLinks;
		};
		64AECE852B95DA2F003DBE05 /* FirebaseFirestore */ = {
			isa = XCSwiftPackageProductDependency;
			package = 64AECE6C2B95DA2F003DBE05 /* XCRemoteSwiftPackageReference "firebase-ios-sdk" */;
			productName = FirebaseFirestore;
		};
		64AECE872B95DA2F003DBE05 /* FirebaseFirestoreCombine-Community */ = {
			isa = XCSwiftPackageProductDependency;
			package = 64AECE6C2B95DA2F003DBE05 /* XCRemoteSwiftPackageReference "firebase-ios-sdk" */;
			productName = "FirebaseFirestoreCombine-Community";
		};
		64AECE892B95DA2F003DBE05 /* FirebaseFirestoreSwift */ = {
			isa = XCSwiftPackageProductDependency;
			package = 64AECE6C2B95DA2F003DBE05 /* XCRemoteSwiftPackageReference "firebase-ios-sdk" */;
			productName = FirebaseFirestoreSwift;
		};
		64AECE8B2B95DA2F003DBE05 /* FirebaseFunctions */ = {
			isa = XCSwiftPackageProductDependency;
			package = 64AECE6C2B95DA2F003DBE05 /* XCRemoteSwiftPackageReference "firebase-ios-sdk" */;
			productName = FirebaseFunctions;
		};
		64AECE8D2B95DA2F003DBE05 /* FirebaseFunctionsCombine-Community */ = {
			isa = XCSwiftPackageProductDependency;
			package = 64AECE6C2B95DA2F003DBE05 /* XCRemoteSwiftPackageReference "firebase-ios-sdk" */;
			productName = "FirebaseFunctionsCombine-Community";
		};
		64AECE8F2B95DA2F003DBE05 /* FirebaseInAppMessaging-Beta */ = {
			isa = XCSwiftPackageProductDependency;
			package = 64AECE6C2B95DA2F003DBE05 /* XCRemoteSwiftPackageReference "firebase-ios-sdk" */;
			productName = "FirebaseInAppMessaging-Beta";
		};
		64AECE912B95DA2F003DBE05 /* FirebaseInAppMessagingSwift-Beta */ = {
			isa = XCSwiftPackageProductDependency;
			package = 64AECE6C2B95DA2F003DBE05 /* XCRemoteSwiftPackageReference "firebase-ios-sdk" */;
			productName = "FirebaseInAppMessagingSwift-Beta";
		};
		64AECE932B95DA2F003DBE05 /* FirebaseInstallations */ = {
			isa = XCSwiftPackageProductDependency;
			package = 64AECE6C2B95DA2F003DBE05 /* XCRemoteSwiftPackageReference "firebase-ios-sdk" */;
			productName = FirebaseInstallations;
		};
		64AECE952B95DA2F003DBE05 /* FirebaseMLModelDownloader */ = {
			isa = XCSwiftPackageProductDependency;
			package = 64AECE6C2B95DA2F003DBE05 /* XCRemoteSwiftPackageReference "firebase-ios-sdk" */;
			productName = FirebaseMLModelDownloader;
		};
		64AECE972B95DA2F003DBE05 /* FirebaseMessaging */ = {
			isa = XCSwiftPackageProductDependency;
			package = 64AECE6C2B95DA2F003DBE05 /* XCRemoteSwiftPackageReference "firebase-ios-sdk" */;
			productName = FirebaseMessaging;
		};
		64AECE992B95DA2F003DBE05 /* FirebasePerformance */ = {
			isa = XCSwiftPackageProductDependency;
			package = 64AECE6C2B95DA2F003DBE05 /* XCRemoteSwiftPackageReference "firebase-ios-sdk" */;
			productName = FirebasePerformance;
		};
		64AECE9B2B95DA2F003DBE05 /* FirebaseRemoteConfig */ = {
			isa = XCSwiftPackageProductDependency;
			package = 64AECE6C2B95DA2F003DBE05 /* XCRemoteSwiftPackageReference "firebase-ios-sdk" */;
			productName = FirebaseRemoteConfig;
		};
		64AECE9D2B95DA2F003DBE05 /* FirebaseRemoteConfigSwift */ = {
			isa = XCSwiftPackageProductDependency;
			package = 64AECE6C2B95DA2F003DBE05 /* XCRemoteSwiftPackageReference "firebase-ios-sdk" */;
			productName = FirebaseRemoteConfigSwift;
		};
		64AECE9F2B95DA2F003DBE05 /* FirebaseStorage */ = {
			isa = XCSwiftPackageProductDependency;
			package = 64AECE6C2B95DA2F003DBE05 /* XCRemoteSwiftPackageReference "firebase-ios-sdk" */;
			productName = FirebaseStorage;
		};
		64AECEA12B95DA2F003DBE05 /* FirebaseStorageCombine-Community */ = {
			isa = XCSwiftPackageProductDependency;
			package = 64AECE6C2B95DA2F003DBE05 /* XCRemoteSwiftPackageReference "firebase-ios-sdk" */;
			productName = "FirebaseStorageCombine-Community";
		};
/* End XCSwiftPackageProductDependency section */
	};
	rootObject = 64AECE512B95D68D003DBE05 /* Project object */;
}
