// !$*UTF8*$!
{
	archiveVersion = 1;
	classes = {
	};
	objectVersion = 56;
	objects = {

/* Begin PBXBuildFile section */
		81AB56532941887D00B43604 /* SwiftUIiOS16BasicApp.swift in Sources */ = {isa = PBXBuildFile; fileRef = 81AB56522941887D00B43604 /* SwiftUIiOS16BasicApp.swift */; };
		81AB56552941887D00B43604 /* ContentView.swift in Sources */ = {isa = PBXBuildFile; fileRef = 81AB56542941887D00B43604 /* ContentView.swift */; };
		81AB56572941887D00B43604 /* Assets.xcassets in Resources */ = {isa = PBXBuildFile; fileRef = 81AB56562941887D00B43604 /* Assets.xcassets */; };
		81AB565A2941887D00B43604 /* Preview Assets.xcassets in Resources */ = {isa = PBXBuildFile; fileRef = 81AB56592941887D00B43604 /* Preview Assets.xcassets */; };
		81AB5661294188BF00B43604 /* ChartBasic.swift in Sources */ = {isa = PBXBuildFile; fileRef = 81AB5660294188BF00B43604 /* ChartBasic.swift */; };
		81AB56632942A5B600B43604 /* CustomSheetBasic.swift in Sources */ = {isa = PBXBuildFile; fileRef = 81AB56622942A5B600B43604 /* CustomSheetBasic.swift */; };
		81AB56652942A75700B43604 /* ShareLinkBasic.swift in Sources */ = {isa = PBXBuildFile; fileRef = 81AB56642942A75700B43604 /* ShareLinkBasic.swift */; };
		81AB56672942A9D100B43604 /* GridRowBasic.swift in Sources */ = {isa = PBXBuildFile; fileRef = 81AB56662942A9D100B43604 /* GridRowBasic.swift */; };
		81AB56692942AC8A00B43604 /* NavigationStackBasic.swift in Sources */ = {isa = PBXBuildFile; fileRef = 81AB56682942AC8A00B43604 /* NavigationStackBasic.swift */; };
		81AB566B2942AF0C00B43604 /* GaugeViewBasic.swift in Sources */ = {isa = PBXBuildFile; fileRef = 81AB566A2942AF0C00B43604 /* GaugeViewBasic.swift */; };
		81AB566D2942B13200B43604 /* TabGruesturewithLocationBasic.swift in Sources */ = {isa = PBXBuildFile; fileRef = 81AB566C2942B13200B43604 /* TabGruesturewithLocationBasic.swift */; };
/* End PBXBuildFile section */

/* Begin PBXFileReference section */
		81AB564F2941887D00B43604 /* SwiftUIiOS16Basic.app */ = {isa = PBXFileReference; explicitFileType = wrapper.application; includeInIndex = 0; path = SwiftUIiOS16Basic.app; sourceTree = BUILT_PRODUCTS_DIR; };
		81AB56522941887D00B43604 /* SwiftUIiOS16BasicApp.swift */ = {isa = PBXFileReference; lastKnownFileType = sourcecode.swift; path = SwiftUIiOS16BasicApp.swift; sourceTree = "<group>"; };
		81AB56542941887D00B43604 /* ContentView.swift */ = {isa = PBXFileReference; lastKnownFileType = sourcecode.swift; path = ContentView.swift; sourceTree = "<group>"; };
		81AB56562941887D00B43604 /* Assets.xcassets */ = {isa = PBXFileReference; lastKnownFileType = folder.assetcatalog; path = Assets.xcassets; sourceTree = "<group>"; };
		81AB56592941887D00B43604 /* Preview Assets.xcassets */ = {isa = PBXFileReference; lastKnownFileType = folder.assetcatalog; path = "Preview Assets.xcassets"; sourceTree = "<group>"; };
		81AB5660294188BF00B43604 /* ChartBasic.swift */ = {isa = PBXFileReference; lastKnownFileType = sourcecode.swift; path = ChartBasic.swift; sourceTree = "<group>"; };
		81AB56622942A5B600B43604 /* CustomSheetBasic.swift */ = {isa = PBXFileReference; lastKnownFileType = sourcecode.swift; path = CustomSheetBasic.swift; sourceTree = "<group>"; };
		81AB56642942A75700B43604 /* ShareLinkBasic.swift */ = {isa = PBXFileReference; lastKnownFileType = sourcecode.swift; path = ShareLinkBasic.swift; sourceTree = "<group>"; };
		81AB56662942A9D100B43604 /* GridRowBasic.swift */ = {isa = PBXFileReference; lastKnownFileType = sourcecode.swift; path = GridRowBasic.swift; sourceTree = "<group>"; };
		81AB56682942AC8A00B43604 /* NavigationStackBasic.swift */ = {isa = PBXFileReference; lastKnownFileType = sourcecode.swift; path = NavigationStackBasic.swift; sourceTree = "<group>"; };
		81AB566A2942AF0C00B43604 /* GaugeViewBasic.swift */ = {isa = PBXFileReference; lastKnownFileType = sourcecode.swift; path = GaugeViewBasic.swift; sourceTree = "<group>"; };
		81AB566C2942B13200B43604 /* TabGruesturewithLocationBasic.swift */ = {isa = PBXFileReference; lastKnownFileType = sourcecode.swift; path = TabGruesturewithLocationBasic.swift; sourceTree = "<group>"; };
/* End PBXFileReference section */

/* Begin PBXFrameworksBuildPhase section */
		81AB564C2941887D00B43604 /* Frameworks */ = {
			isa = PBXFrameworksBuildPhase;
			buildActionMask = 2147483647;
			files = (
			);
			runOnlyForDeploymentPostprocessing = 0;
		};
/* End PBXFrameworksBuildPhase section */

/* Begin PBXGroup section */
		81AB56462941887D00B43604 = {
			isa = PBXGroup;
			children = (
				81AB56512941887D00B43604 /* SwiftUIiOS16Basic */,
				81AB56502941887D00B43604 /* Products */,
			);
			sourceTree = "<group>";
		};
		81AB56502941887D00B43604 /* Products */ = {
			isa = PBXGroup;
			children = (
				81AB564F2941887D00B43604 /* SwiftUIiOS16Basic.app */,
			);
			name = Products;
			sourceTree = "<group>";
		};
		81AB56512941887D00B43604 /* SwiftUIiOS16Basic */ = {
			isa = PBXGroup;
			children = (
				81AB56522941887D00B43604 /* SwiftUIiOS16BasicApp.swift */,
				81AB56542941887D00B43604 /* ContentView.swift */,
				81AB5660294188BF00B43604 /* ChartBasic.swift */,
				81AB56622942A5B600B43604 /* CustomSheetBasic.swift */,
				81AB56642942A75700B43604 /* ShareLinkBasic.swift */,
				81AB56662942A9D100B43604 /* GridRowBasic.swift */,
				81AB56682942AC8A00B43604 /* NavigationStackBasic.swift */,
				81AB566A2942AF0C00B43604 /* GaugeViewBasic.swift */,
				81AB566C2942B13200B43604 /* TabGruesturewithLocationBasic.swift */,
				81AB56562941887D00B43604 /* Assets.xcassets */,
				81AB56582941887D00B43604 /* Preview Content */,
			);
			path = SwiftUIiOS16Basic;
			sourceTree = "<group>";
		};
		81AB56582941887D00B43604 /* Preview Content */ = {
			isa = PBXGroup;
			children = (
				81AB56592941887D00B43604 /* Preview Assets.xcassets */,
			);
			path = "Preview Content";
			sourceTree = "<group>";
		};
/* End PBXGroup section */

/* Begin PBXNativeTarget section */
		81AB564E2941887D00B43604 /* SwiftUIiOS16Basic */ = {
			isa = PBXNativeTarget;
			buildConfigurationList = 81AB565D2941887D00B43604 /* Build configuration list for PBXNativeTarget "SwiftUIiOS16Basic" */;
			buildPhases = (
				81AB564B2941887D00B43604 /* Sources */,
				81AB564C2941887D00B43604 /* Frameworks */,
				81AB564D2941887D00B43604 /* Resources */,
			);
			buildRules = (
			);
			dependencies = (
			);
			name = SwiftUIiOS16Basic;
			productName = SwiftUIiOS16Basic;
			productReference = 81AB564F2941887D00B43604 /* SwiftUIiOS16Basic.app */;
			productType = "com.apple.product-type.application";
		};
/* End PBXNativeTarget section */

/* Begin PBXProject section */
		81AB56472941887D00B43604 /* Project object */ = {
			isa = PBXProject;
			attributes = {
				BuildIndependentTargetsInParallel = 1;
				LastSwiftUpdateCheck = 1400;
				LastUpgradeCheck = 1400;
				TargetAttributes = {
					81AB564E2941887D00B43604 = {
						CreatedOnToolsVersion = 14.0.1;
					};
				};
			};
			buildConfigurationList = 81AB564A2941887D00B43604 /* Build configuration list for PBXProject "SwiftUIiOS16Basic" */;
			compatibilityVersion = "Xcode 14.0";
			developmentRegion = en;
			hasScannedForEncodings = 0;
			knownRegions = (
				en,
				Base,
			);
			mainGroup = 81AB56462941887D00B43604;
			productRefGroup = 81AB56502941887D00B43604 /* Products */;
			projectDirPath = "";
			projectRoot = "";
			targets = (
				81AB564E2941887D00B43604 /* SwiftUIiOS16Basic */,
			);
		};
/* End PBXProject section */

/* Begin PBXResourcesBuildPhase section */
		81AB564D2941887D00B43604 /* Resources */ = {
			isa = PBXResourcesBuildPhase;
			buildActionMask = 2147483647;
			files = (
				81AB565A2941887D00B43604 /* Preview Assets.xcassets in Resources */,
				81AB56572941887D00B43604 /* Assets.xcassets in Resources */,
			);
			runOnlyForDeploymentPostprocessing = 0;
		};
/* End PBXResourcesBuildPhase section */

/* Begin PBXSourcesBuildPhase section */
		81AB564B2941887D00B43604 /* Sources */ = {
			isa = PBXSourcesBuildPhase;
			buildActionMask = 2147483647;
			files = (
				81AB5661294188BF00B43604 /* ChartBasic.swift in Sources */,
				81AB56552941887D00B43604 /* ContentView.swift in Sources */,
				81AB56532941887D00B43604 /* SwiftUIiOS16BasicApp.swift in Sources */,
				81AB566D2942B13200B43604 /* TabGruesturewithLocationBasic.swift in Sources */,
				81AB56672942A9D100B43604 /* GridRowBasic.swift in Sources */,
				81AB56692942AC8A00B43604 /* NavigationStackBasic.swift in Sources */,
				81AB566B2942AF0C00B43604 /* GaugeViewBasic.swift in Sources */,
				81AB56632942A5B600B43604 /* CustomSheetBasic.swift in Sources */,
				81AB56652942A75700B43604 /* ShareLinkBasic.swift in Sources */,
			);
			runOnlyForDeploymentPostprocessing = 0;
		};
/* End PBXSourcesBuildPhase section */

/* Begin XCBuildConfiguration section */
		81AB565B2941887D00B43604 /* Debug */ = {
			isa = XCBuildConfiguration;
			buildSettings = {
				ALWAYS_SEARCH_USER_PATHS = NO;
				CLANG_ANALYZER_NONNULL = YES;
				CLANG_ANALYZER_NUMBER_OBJECT_CONVERSION = YES_AGGRESSIVE;
				CLANG_CXX_LANGUAGE_STANDARD = "gnu++20";
				CLANG_ENABLE_MODULES = YES;
				CLANG_ENABLE_OBJC_ARC = YES;
				CLANG_ENABLE_OBJC_WEAK = YES;
				CLANG_WARN_BLOCK_CAPTURE_AUTORELEASING = YES;
				CLANG_WARN_BOOL_CONVERSION = YES;
				CLANG_WARN_COMMA = YES;
				CLANG_WARN_CONSTANT_CONVERSION = YES;
				CLANG_WARN_DEPRECATED_OBJC_IMPLEMENTATIONS = YES;
				CLANG_WARN_DIRECT_OBJC_ISA_USAGE = YES_ERROR;
				CLANG_WARN_DOCUMENTATION_COMMENTS = YES;
				CLANG_WARN_EMPTY_BODY = YES;
				CLANG_WARN_ENUM_CONVERSION = YES;
				CLANG_WARN_INFINITE_RECURSION = YES;
				CLANG_WARN_INT_CONVERSION = YES;
				CLANG_WARN_NON_LITERAL_NULL_CONVERSION = YES;
				CLANG_WARN_OBJC_IMPLICIT_RETAIN_SELF = YES;
				CLANG_WARN_OBJC_LITERAL_CONVERSION = YES;
				CLANG_WARN_OBJC_ROOT_CLASS = YES_ERROR;
				CLANG_WARN_QUOTED_INCLUDE_IN_FRAMEWORK_HEADER = YES;
				CLANG_WARN_RANGE_LOOP_ANALYSIS = YES;
				CLANG_WARN_STRICT_PROTOTYPES = YES;
				CLANG_WARN_SUSPICIOUS_MOVE = YES;
				CLANG_WARN_UNGUARDED_AVAILABILITY = YES_AGGRESSIVE;
				CLANG_WARN_UNREACHABLE_CODE = YES;
				CLANG_WARN__DUPLICATE_METHOD_MATCH = YES;
				COPY_PHASE_STRIP = NO;
				DEBUG_INFORMATION_FORMAT = dwarf;
				ENABLE_STRICT_OBJC_MSGSEND = YES;
				ENABLE_TESTABILITY = YES;
				GCC_C_LANGUAGE_STANDARD = gnu11;
				GCC_DYNAMIC_NO_PIC = NO;
				GCC_NO_COMMON_BLOCKS = YES;
				GCC_OPTIMIZATION_LEVEL = 0;
				GCC_PREPROCESSOR_DEFINITIONS = (
					"DEBUG=1",
					"$(inherited)",
				);
				GCC_WARN_64_TO_32_BIT_CONVERSION = YES;
				GCC_WARN_ABOUT_RETURN_TYPE = YES_ERROR;
				GCC_WARN_UNDECLARED_SELECTOR = YES;
				GCC_WARN_UNINITIALIZED_AUTOS = YES_AGGRESSIVE;
				GCC_WARN_UNUSED_FUNCTION = YES;
				GCC_WARN_UNUSED_VARIABLE = YES;
				IPHONEOS_DEPLOYMENT_TARGET = 16.0;
				MTL_ENABLE_DEBUG_INFO = INCLUDE_SOURCE;
				MTL_FAST_MATH = YES;
				ONLY_ACTIVE_ARCH = YES;
				SDKROOT = iphoneos;
				SWIFT_ACTIVE_COMPILATION_CONDITIONS = DEBUG;
				SWIFT_OPTIMIZATION_LEVEL = "-Onone";
			};
			name = Debug;
		};
		81AB565C2941887D00B43604 /* Release */ = {
			isa = XCBuildConfiguration;
			buildSettings = {
				ALWAYS_SEARCH_USER_PATHS = NO;
				CLANG_ANALYZER_NONNULL = YES;
				CLANG_ANALYZER_NUMBER_OBJECT_CONVERSION = YES_AGGRESSIVE;
				CLANG_CXX_LANGUAGE_STANDARD = "gnu++20";
				CLANG_ENABLE_MODULES = YES;
				CLANG_ENABLE_OBJC_ARC = YES;
				CLANG_ENABLE_OBJC_WEAK = YES;
				CLANG_WARN_BLOCK_CAPTURE_AUTORELEASING = YES;
				CLANG_WARN_BOOL_CONVERSION = YES;
				CLANG_WARN_COMMA = YES;
				CLANG_WARN_CONSTANT_CONVERSION = YES;
				CLANG_WARN_DEPRECATED_OBJC_IMPLEMENTATIONS = YES;
				CLANG_WARN_DIRECT_OBJC_ISA_USAGE = YES_ERROR;
				CLANG_WARN_DOCUMENTATION_COMMENTS = YES;
				CLANG_WARN_EMPTY_BODY = YES;
				CLANG_WARN_ENUM_CONVERSION = YES;
				CLANG_WARN_INFINITE_RECURSION = YES;
				CLANG_WARN_INT_CONVERSION = YES;
				CLANG_WARN_NON_LITERAL_NULL_CONVERSION = YES;
				CLANG_WARN_OBJC_IMPLICIT_RETAIN_SELF = YES;
				CLANG_WARN_OBJC_LITERAL_CONVERSION = YES;
				CLANG_WARN_OBJC_ROOT_CLASS = YES_ERROR;
				CLANG_WARN_QUOTED_INCLUDE_IN_FRAMEWORK_HEADER = YES;
				CLANG_WARN_RANGE_LOOP_ANALYSIS = YES;
				CLANG_WARN_STRICT_PROTOTYPES = YES;
				CLANG_WARN_SUSPICIOUS_MOVE = YES;
				CLANG_WARN_UNGUARDED_AVAILABILITY = YES_AGGRESSIVE;
				CLANG_WARN_UNREACHABLE_CODE = YES;
				CLANG_WARN__DUPLICATE_METHOD_MATCH = YES;
				COPY_PHASE_STRIP = NO;
				DEBUG_INFORMATION_FORMAT = "dwarf-with-dsym";
				ENABLE_NS_ASSERTIONS = NO;
				ENABLE_STRICT_OBJC_MSGSEND = YES;
				GCC_C_LANGUAGE_STANDARD = gnu11;
				GCC_NO_COMMON_BLOCKS = YES;
				GCC_WARN_64_TO_32_BIT_CONVERSION = YES;
				GCC_WARN_ABOUT_RETURN_TYPE = YES_ERROR;
				GCC_WARN_UNDECLARED_SELECTOR = YES;
				GCC_WARN_UNINITIALIZED_AUTOS = YES_AGGRESSIVE;
				GCC_WARN_UNUSED_FUNCTION = YES;
				GCC_WARN_UNUSED_VARIABLE = YES;
				IPHONEOS_DEPLOYMENT_TARGET = 16.0;
				MTL_ENABLE_DEBUG_INFO = NO;
				MTL_FAST_MATH = YES;
				SDKROOT = iphoneos;
				SWIFT_COMPILATION_MODE = wholemodule;
				SWIFT_OPTIMIZATION_LEVEL = "-O";
				VALIDATE_PRODUCT = YES;
			};
			name = Release;
		};
		81AB565E2941887D00B43604 /* Debug */ = {
			isa = XCBuildConfiguration;
			buildSettings = {
				ASSETCATALOG_COMPILER_APPICON_NAME = AppIcon;
				ASSETCATALOG_COMPILER_GLOBAL_ACCENT_COLOR_NAME = AccentColor;
				CODE_SIGN_STYLE = Automatic;
				CURRENT_PROJECT_VERSION = 1;
				DEVELOPMENT_ASSET_PATHS = "\"SwiftUIiOS16Basic/Preview Content\"";
				DEVELOPMENT_TEAM = M63L6X73D4;
				ENABLE_PREVIEWS = YES;
				GENERATE_INFOPLIST_FILE = YES;
				INFOPLIST_KEY_UIApplicationSceneManifest_Generation = YES;
				INFOPLIST_KEY_UIApplicationSupportsIndirectInputEvents = YES;
				INFOPLIST_KEY_UILaunchScreen_Generation = YES;
				INFOPLIST_KEY_UISupportedInterfaceOrientations_iPad = "UIInterfaceOrientationPortrait UIInterfaceOrientationPortraitUpsideDown UIInterfaceOrientationLandscapeLeft UIInterfaceOrientationLandscapeRight";
				INFOPLIST_KEY_UISupportedInterfaceOrientations_iPhone = "UIInterfaceOrientationPortrait UIInterfaceOrientationLandscapeLeft UIInterfaceOrientationLandscapeRight";
				LD_RUNPATH_SEARCH_PATHS = (
					"$(inherited)",
					"@executable_path/Frameworks",
				);
				MARKETING_VERSION = 1.0;
				PRODUCT_BUNDLE_IDENTIFIER = info.jacobko.SwiftUIiOS16Basic;
				PRODUCT_NAME = "$(TARGET_NAME)";
				SWIFT_EMIT_LOC_STRINGS = YES;
				SWIFT_VERSION = 5.0;
				TARGETED_DEVICE_FAMILY = "1,2";
			};
			name = Debug;
		};
		81AB565F2941887D00B43604 /* Release */ = {
			isa = XCBuildConfiguration;
			buildSettings = {
				ASSETCATALOG_COMPILER_APPICON_NAME = AppIcon;
				ASSETCATALOG_COMPILER_GLOBAL_ACCENT_COLOR_NAME = AccentColor;
				CODE_SIGN_STYLE = Automatic;
				CURRENT_PROJECT_VERSION = 1;
				DEVELOPMENT_ASSET_PATHS = "\"SwiftUIiOS16Basic/Preview Content\"";
				DEVELOPMENT_TEAM = M63L6X73D4;
				ENABLE_PREVIEWS = YES;
				GENERATE_INFOPLIST_FILE = YES;
				INFOPLIST_KEY_UIApplicationSceneManifest_Generation = YES;
				INFOPLIST_KEY_UIApplicationSupportsIndirectInputEvents = YES;
				INFOPLIST_KEY_UILaunchScreen_Generation = YES;
				INFOPLIST_KEY_UISupportedInterfaceOrientations_iPad = "UIInterfaceOrientationPortrait UIInterfaceOrientationPortraitUpsideDown UIInterfaceOrientationLandscapeLeft UIInterfaceOrientationLandscapeRight";
				INFOPLIST_KEY_UISupportedInterfaceOrientations_iPhone = "UIInterfaceOrientationPortrait UIInterfaceOrientationLandscapeLeft UIInterfaceOrientationLandscapeRight";
				LD_RUNPATH_SEARCH_PATHS = (
					"$(inherited)",
					"@executable_path/Frameworks",
				);
				MARKETING_VERSION = 1.0;
				PRODUCT_BUNDLE_IDENTIFIER = info.jacobko.SwiftUIiOS16Basic;
				PRODUCT_NAME = "$(TARGET_NAME)";
				SWIFT_EMIT_LOC_STRINGS = YES;
				SWIFT_VERSION = 5.0;
				TARGETED_DEVICE_FAMILY = "1,2";
			};
			name = Release;
		};
/* End XCBuildConfiguration section */

/* Begin XCConfigurationList section */
		81AB564A2941887D00B43604 /* Build configuration list for PBXProject "SwiftUIiOS16Basic" */ = {
			isa = XCConfigurationList;
			buildConfigurations = (
				81AB565B2941887D00B43604 /* Debug */,
				81AB565C2941887D00B43604 /* Release */,
			);
			defaultConfigurationIsVisible = 0;
			defaultConfigurationName = Release;
		};
		81AB565D2941887D00B43604 /* Build configuration list for PBXNativeTarget "SwiftUIiOS16Basic" */ = {
			isa = XCConfigurationList;
			buildConfigurations = (
				81AB565E2941887D00B43604 /* Debug */,
				81AB565F2941887D00B43604 /* Release */,
			);
			defaultConfigurationIsVisible = 0;
			defaultConfigurationName = Release;
		};
/* End XCConfigurationList section */
	};
	rootObject = 81AB56472941887D00B43604 /* Project object */;
}
